// !$*UTF8*$!
{
	archiveVersion = 1;
	classes = {
	};
	objectVersion = 46;
	objects = {

/* Begin PBXBuildFile section */
		0B95E60345060AF28C62FE71 /* libPods-BuDeJie.a in Frameworks */ = {isa = PBXBuildFile; fileRef = D4A6077430D268423FDDD7E3 /* libPods-BuDeJie.a */; };
		5761C5D21EFA0D2400E7C142 /* main.m in Sources */ = {isa = PBXBuildFile; fileRef = 5761C5D11EFA0D2400E7C142 /* main.m */; };
		5761C5DB1EFA0D2400E7C142 /* Main.storyboard in Resources */ = {isa = PBXBuildFile; fileRef = 5761C5D91EFA0D2400E7C142 /* Main.storyboard */; };
		5761C5EB1EFA0D2400E7C142 /* BuDeJieTests.m in Sources */ = {isa = PBXBuildFile; fileRef = 5761C5EA1EFA0D2400E7C142 /* BuDeJieTests.m */; };
		5761C5F61EFA0D2400E7C142 /* BuDeJieUITests.m in Sources */ = {isa = PBXBuildFile; fileRef = 5761C5F51EFA0D2400E7C142 /* BuDeJieUITests.m */; };
		5761C6091EFA0EF900E7C142 /* AppDelegate.m in Sources */ = {isa = PBXBuildFile; fileRef = 5761C6081EFA0EF900E7C142 /* AppDelegate.m */; };
		5761C6171EFA118A00E7C142 /* BaseWebViewController.m in Sources */ = {isa = PBXBuildFile; fileRef = 5761C6161EFA118A00E7C142 /* BaseWebViewController.m */; };
		5761C61A1EFA119C00E7C142 /* BaseWKWebViewController.m in Sources */ = {isa = PBXBuildFile; fileRef = 5761C6191EFA119C00E7C142 /* BaseWKWebViewController.m */; };
		5761C6341EFA1F5A00E7C142 /* NSCalendar+Extension.m in Sources */ = {isa = PBXBuildFile; fileRef = 5761C6211EFA1F5A00E7C142 /* NSCalendar+Extension.m */; };
		5761C6351EFA1F5A00E7C142 /* NSDate+Extension.m in Sources */ = {isa = PBXBuildFile; fileRef = 5761C6231EFA1F5A00E7C142 /* NSDate+Extension.m */; };
		5761C6361EFA1F5A00E7C142 /* NSString+DateExtension.m in Sources */ = {isa = PBXBuildFile; fileRef = 5761C6251EFA1F5A00E7C142 /* NSString+DateExtension.m */; };
		5761C6371EFA1F5A00E7C142 /* NSString+XBYExtension.m in Sources */ = {isa = PBXBuildFile; fileRef = 5761C6271EFA1F5A00E7C142 /* NSString+XBYExtension.m */; };
		5761C6381EFA1F5A00E7C142 /* UIBarButtonItem+XBYExtension.m in Sources */ = {isa = PBXBuildFile; fileRef = 5761C6291EFA1F5A00E7C142 /* UIBarButtonItem+XBYExtension.m */; };
		5761C6391EFA1F5A00E7C142 /* UIImage+EXtension.m in Sources */ = {isa = PBXBuildFile; fileRef = 5761C62B1EFA1F5A00E7C142 /* UIImage+EXtension.m */; };
		5761C63A1EFA1F5A00E7C142 /* UIImageView+Extension.m in Sources */ = {isa = PBXBuildFile; fileRef = 5761C62D1EFA1F5A00E7C142 /* UIImageView+Extension.m */; };
		5761C63B1EFA1F5A00E7C142 /* UITextField+XBYExtension.m in Sources */ = {isa = PBXBuildFile; fileRef = 5761C62F1EFA1F5A00E7C142 /* UITextField+XBYExtension.m */; };
		5761C63C1EFA1F5A00E7C142 /* UIView+XBYExtension.m in Sources */ = {isa = PBXBuildFile; fileRef = 5761C6311EFA1F5A00E7C142 /* UIView+XBYExtension.m */; };
		5761C63D1EFA1F5A00E7C142 /* UIViewController+Debug.m in Sources */ = {isa = PBXBuildFile; fileRef = 5761C6331EFA1F5A00E7C142 /* UIViewController+Debug.m */; };
		5761C6401EFA26EB00E7C142 /* XBYConst.m in Sources */ = {isa = PBXBuildFile; fileRef = 5761C63F1EFA26EB00E7C142 /* XBYConst.m */; };
		578154281F15C38300050B06 /* XBYTimeTool.m in Sources */ = {isa = PBXBuildFile; fileRef = 578154271F15C38300050B06 /* XBYTimeTool.m */; };
		578FE6331F1EE00F00FAB234 /* XBYCommentViewController.m in Sources */ = {isa = PBXBuildFile; fileRef = 578FE6321F1EE00F00FAB234 /* XBYCommentViewController.m */; };
		578FE6361F1EE06800FAB234 /* XBYRefreshHeard.m in Sources */ = {isa = PBXBuildFile; fileRef = 578FE6351F1EE06800FAB234 /* XBYRefreshHeard.m */; };
		578FE6391F1EE24B00FAB234 /* XBYRefreshFooter.m in Sources */ = {isa = PBXBuildFile; fileRef = 578FE6381F1EE24B00FAB234 /* XBYRefreshFooter.m */; };
		578FE6451F1EEC1C00FAB234 /* XBYSessionManager.m in Sources */ = {isa = PBXBuildFile; fileRef = 578FE6441F1EEC1C00FAB234 /* XBYSessionManager.m */; };
		578FE6771F1EF62E00FAB234 /* IQNSArray+Sort.m in Sources */ = {isa = PBXBuildFile; fileRef = 578FE6491F1EF62E00FAB234 /* IQNSArray+Sort.m */; };
		578FE6781F1EF62E00FAB234 /* IQUIScrollView+Additions.m in Sources */ = {isa = PBXBuildFile; fileRef = 578FE64B1F1EF62E00FAB234 /* IQUIScrollView+Additions.m */; };
		578FE6791F1EF62E00FAB234 /* IQUITextFieldView+Additions.m in Sources */ = {isa = PBXBuildFile; fileRef = 578FE64D1F1EF62E00FAB234 /* IQUITextFieldView+Additions.m */; };
		578FE67A1F1EF62E00FAB234 /* IQUIView+Hierarchy.m in Sources */ = {isa = PBXBuildFile; fileRef = 578FE64F1F1EF62E00FAB234 /* IQUIView+Hierarchy.m */; };
		578FE67B1F1EF62E00FAB234 /* IQUIViewController+Additions.m in Sources */ = {isa = PBXBuildFile; fileRef = 578FE6511F1EF62E00FAB234 /* IQUIViewController+Additions.m */; };
		578FE67C1F1EF62E00FAB234 /* IQUIWindow+Hierarchy.m in Sources */ = {isa = PBXBuildFile; fileRef = 578FE6531F1EF62E00FAB234 /* IQUIWindow+Hierarchy.m */; };
		578FE67D1F1EF62E00FAB234 /* IQKeyboardManager.m in Sources */ = {isa = PBXBuildFile; fileRef = 578FE6581F1EF62E00FAB234 /* IQKeyboardManager.m */; };
		578FE67E1F1EF62E00FAB234 /* IQKeyboardReturnKeyHandler.m in Sources */ = {isa = PBXBuildFile; fileRef = 578FE65A1F1EF62E00FAB234 /* IQKeyboardReturnKeyHandler.m */; };
		578FE67F1F1EF62E00FAB234 /* IQTextView.m in Sources */ = {isa = PBXBuildFile; fileRef = 578FE65D1F1EF62E00FAB234 /* IQTextView.m */; };
		578FE6801F1EF62E00FAB234 /* IQBarButtonItem.m in Sources */ = {isa = PBXBuildFile; fileRef = 578FE6601F1EF62E00FAB234 /* IQBarButtonItem.m */; };
		578FE6811F1EF62E00FAB234 /* IQTitleBarButtonItem.m in Sources */ = {isa = PBXBuildFile; fileRef = 578FE6621F1EF62E00FAB234 /* IQTitleBarButtonItem.m */; };
		578FE6821F1EF62E00FAB234 /* IQToolbar.m in Sources */ = {isa = PBXBuildFile; fileRef = 578FE6641F1EF62E00FAB234 /* IQToolbar.m */; };
		578FE6831F1EF62E00FAB234 /* IQUIView+IQKeyboardToolbar.m in Sources */ = {isa = PBXBuildFile; fileRef = 578FE6661F1EF62E00FAB234 /* IQUIView+IQKeyboardToolbar.m */; };
		578FE6841F1EF62E00FAB234 /* IQKeyboardManager.bundle in Resources */ = {isa = PBXBuildFile; fileRef = 578FE6691F1EF62E00FAB234 /* IQKeyboardManager.bundle */; };
		578FE6851F1EF62E00FAB234 /* JCRBlurView.m in Sources */ = {isa = PBXBuildFile; fileRef = 578FE66C1F1EF62E00FAB234 /* JCRBlurView.m */; };
		578FE6861F1EF62E00FAB234 /* UITableView+FDIndexPathHeightCache.m in Sources */ = {isa = PBXBuildFile; fileRef = 578FE6701F1EF62E00FAB234 /* UITableView+FDIndexPathHeightCache.m */; };
		578FE6871F1EF62E00FAB234 /* UITableView+FDKeyedHeightCache.m in Sources */ = {isa = PBXBuildFile; fileRef = 578FE6721F1EF62E00FAB234 /* UITableView+FDKeyedHeightCache.m */; };
		578FE6881F1EF62E00FAB234 /* UITableView+FDTemplateLayoutCell.m in Sources */ = {isa = PBXBuildFile; fileRef = 578FE6741F1EF62E00FAB234 /* UITableView+FDTemplateLayoutCell.m */; };
		578FE6891F1EF62E00FAB234 /* UITableView+FDTemplateLayoutCellDebug.m in Sources */ = {isa = PBXBuildFile; fileRef = 578FE6761F1EF62E00FAB234 /* UITableView+FDTemplateLayoutCellDebug.m */; };
		57AB80741F0B288300A471D7 /* XBYBaseTabBarController.m in Sources */ = {isa = PBXBuildFile; fileRef = 57AB80731F0B288300A471D7 /* XBYBaseTabBarController.m */; };
		57AB80761F0B28B400A471D7 /* Assets.xcassets in Resources */ = {isa = PBXBuildFile; fileRef = 57AB80751F0B28B400A471D7 /* Assets.xcassets */; };
		57AB808F1F0B2A7D00A471D7 /* XBYBaseNavigationController.m in Sources */ = {isa = PBXBuildFile; fileRef = 57AB808E1F0B2A7D00A471D7 /* XBYBaseNavigationController.m */; };
		57AB80921F0B2AB000A471D7 /* XBYEssenceViewController.m in Sources */ = {isa = PBXBuildFile; fileRef = 57AB80911F0B2AB000A471D7 /* XBYEssenceViewController.m */; };
		57AB80951F0B2AD100A471D7 /* XBYNewpostViewController.m in Sources */ = {isa = PBXBuildFile; fileRef = 57AB80941F0B2AD100A471D7 /* XBYNewpostViewController.m */; };
		57AB80981F0B2AE700A471D7 /* XBYAttentionViewController.m in Sources */ = {isa = PBXBuildFile; fileRef = 57AB80971F0B2AE700A471D7 /* XBYAttentionViewController.m */; };
		57AB809B1F0B2B0800A471D7 /* XBYMineViewController.m in Sources */ = {isa = PBXBuildFile; fileRef = 57AB809A1F0B2B0800A471D7 /* XBYMineViewController.m */; };
		57AB809F1F0B2B3D00A471D7 /* BaseTabBar.m in Sources */ = {isa = PBXBuildFile; fileRef = 57AB809E1F0B2B3D00A471D7 /* BaseTabBar.m */; };
		57AB80A21F0B76D200A471D7 /* XBYAdVertisementViewController.m in Sources */ = {isa = PBXBuildFile; fileRef = 57AB80A11F0B76D200A471D7 /* XBYAdVertisementViewController.m */; };
		57AB80A51F0B79CA00A471D7 /* XBYAdmodel.m in Sources */ = {isa = PBXBuildFile; fileRef = 57AB80A41F0B79CA00A471D7 /* XBYAdmodel.m */; };
		57AB80AD1F0B94C800A471D7 /* XBYBaseViewController.m in Sources */ = {isa = PBXBuildFile; fileRef = 57AB80AC1F0B94C800A471D7 /* XBYBaseViewController.m */; };
		57AB80B01F0B958300A471D7 /* XBYPublishViewController.m in Sources */ = {isa = PBXBuildFile; fileRef = 57AB80AF1F0B958300A471D7 /* XBYPublishViewController.m */; };
		57AB80B31F0C726300A471D7 /* XBYTopicViewController.m in Sources */ = {isa = PBXBuildFile; fileRef = 57AB80B21F0C726300A471D7 /* XBYTopicViewController.m */; };
		57AB80B61F0C734200A471D7 /* XBYAllViewController.m in Sources */ = {isa = PBXBuildFile; fileRef = 57AB80B51F0C734200A471D7 /* XBYAllViewController.m */; };
		57AB80B91F0C736700A471D7 /* XBYVideoViewController.m in Sources */ = {isa = PBXBuildFile; fileRef = 57AB80B81F0C736700A471D7 /* XBYVideoViewController.m */; };
		57AB80BC1F0C737200A471D7 /* XBYVoiceViewController.m in Sources */ = {isa = PBXBuildFile; fileRef = 57AB80BB1F0C737200A471D7 /* XBYVoiceViewController.m */; };
		57AB80BF1F0C738300A471D7 /* XBYPictureViewController.m in Sources */ = {isa = PBXBuildFile; fileRef = 57AB80BE1F0C738300A471D7 /* XBYPictureViewController.m */; };
		57AB80C21F0C739000A471D7 /* XBYWordViewController.m in Sources */ = {isa = PBXBuildFile; fileRef = 57AB80C11F0C739000A471D7 /* XBYWordViewController.m */; };
		57AB80C51F0C739F00A471D7 /* XBYSeeBigPictureViewController.m in Sources */ = {isa = PBXBuildFile; fileRef = 57AB80C41F0C739F00A471D7 /* XBYSeeBigPictureViewController.m */; };
		57AB80C81F0C744800A471D7 /* XBYRecommendViewController.m in Sources */ = {isa = PBXBuildFile; fileRef = 57AB80C71F0C744800A471D7 /* XBYRecommendViewController.m */; };
		57AB80CB1F0C759300A471D7 /* XBYTopic.m in Sources */ = {isa = PBXBuildFile; fileRef = 57AB80CA1F0C759300A471D7 /* XBYTopic.m */; };
		57AB80CE1F0C75A300A471D7 /* XBYComment.m in Sources */ = {isa = PBXBuildFile; fileRef = 57AB80CD1F0C75A300A471D7 /* XBYComment.m */; };
		57AB80D11F0C75AD00A471D7 /* XBYUser.m in Sources */ = {isa = PBXBuildFile; fileRef = 57AB80D01F0C75AD00A471D7 /* XBYUser.m */; };
		57AB80D41F0C75BC00A471D7 /* XBYTitleButton.m in Sources */ = {isa = PBXBuildFile; fileRef = 57AB80D31F0C75BC00A471D7 /* XBYTitleButton.m */; };
		57AB80D71F0C75D000A471D7 /* XBYTopicCell.m in Sources */ = {isa = PBXBuildFile; fileRef = 57AB80D61F0C75D000A471D7 /* XBYTopicCell.m */; };
		57AB80DA1F0C761000A471D7 /* XBYTopicVideo.m in Sources */ = {isa = PBXBuildFile; fileRef = 57AB80D91F0C761000A471D7 /* XBYTopicVideo.m */; };
		57AB80DD1F0C761D00A471D7 /* XBYTopicVoice.m in Sources */ = {isa = PBXBuildFile; fileRef = 57AB80DC1F0C761D00A471D7 /* XBYTopicVoice.m */; };
		57AB80E01F0C762A00A471D7 /* XBYTopicImage.m in Sources */ = {isa = PBXBuildFile; fileRef = 57AB80DF1F0C762A00A471D7 /* XBYTopicImage.m */; };
		57AB80EA1F0DBE3300A471D7 /* XBYShouldRecommendViewController.m in Sources */ = {isa = PBXBuildFile; fileRef = 57AB80E91F0DBE3300A471D7 /* XBYShouldRecommendViewController.m */; };
		57AB80ED1F0DC20700A471D7 /* XBYLoginAndRegisterViewController.m in Sources */ = {isa = PBXBuildFile; fileRef = 57AB80EC1F0DC20700A471D7 /* XBYLoginAndRegisterViewController.m */; };
		57AB80FC1F0E1E7D00A471D7 /* XBYLoginInputView.m in Sources */ = {isa = PBXBuildFile; fileRef = 57AB80FB1F0E1E7D00A471D7 /* XBYLoginInputView.m */; };
		57AB80FF1F0E1E8C00A471D7 /* XBYRegisterInputView.m in Sources */ = {isa = PBXBuildFile; fileRef = 57AB80FE1F0E1E8C00A471D7 /* XBYRegisterInputView.m */; };
		57AB81021F0E311400A471D7 /* UIButton+TitleBelowImage.m in Sources */ = {isa = PBXBuildFile; fileRef = 57AB81011F0E311400A471D7 /* UIButton+TitleBelowImage.m */; };
		57AB81051F0E349400A471D7 /* XBYQuicklyLoginView.m in Sources */ = {isa = PBXBuildFile; fileRef = 57AB81041F0E349400A471D7 /* XBYQuicklyLoginView.m */; };
		57AB81081F0F7C4600A471D7 /* XBYRecommendModel.m in Sources */ = {isa = PBXBuildFile; fileRef = 57AB81071F0F7C4600A471D7 /* XBYRecommendModel.m */; };
		57AB810B1F0F7CD000A471D7 /* XBYRecommendTableViewCell.m in Sources */ = {isa = PBXBuildFile; fileRef = 57AB810A1F0F7CD000A471D7 /* XBYRecommendTableViewCell.m */; };
/* End PBXBuildFile section */

/* Begin PBXContainerItemProxy section */
		5761C5E71EFA0D2400E7C142 /* PBXContainerItemProxy */ = {
			isa = PBXContainerItemProxy;
			containerPortal = 5761C5C51EFA0D2400E7C142 /* Project object */;
			proxyType = 1;
			remoteGlobalIDString = 5761C5CC1EFA0D2400E7C142;
			remoteInfo = BuDeJie;
		};
		5761C5F21EFA0D2400E7C142 /* PBXContainerItemProxy */ = {
			isa = PBXContainerItemProxy;
			containerPortal = 5761C5C51EFA0D2400E7C142 /* Project object */;
			proxyType = 1;
			remoteGlobalIDString = 5761C5CC1EFA0D2400E7C142;
			remoteInfo = BuDeJie;
		};
/* End PBXContainerItemProxy section */

/* Begin PBXFileReference section */
		5761C5CD1EFA0D2400E7C142 /* BuDeJie.app */ = {isa = PBXFileReference; explicitFileType = wrapper.application; includeInIndex = 0; path = BuDeJie.app; sourceTree = BUILT_PRODUCTS_DIR; };
		5761C5D11EFA0D2400E7C142 /* main.m */ = {isa = PBXFileReference; lastKnownFileType = sourcecode.c.objc; path = main.m; sourceTree = "<group>"; };
		5761C5DA1EFA0D2400E7C142 /* Base */ = {isa = PBXFileReference; lastKnownFileType = file.storyboard; name = Base; path = Base.lproj/Main.storyboard; sourceTree = "<group>"; };
		5761C5E11EFA0D2400E7C142 /* Info.plist */ = {isa = PBXFileReference; lastKnownFileType = text.plist.xml; name = Info.plist; path = ../Info.plist; sourceTree = "<group>"; };
		5761C5E61EFA0D2400E7C142 /* BuDeJieTests.xctest */ = {isa = PBXFileReference; explicitFileType = wrapper.cfbundle; includeInIndex = 0; path = BuDeJieTests.xctest; sourceTree = BUILT_PRODUCTS_DIR; };
		5761C5EA1EFA0D2400E7C142 /* BuDeJieTests.m */ = {isa = PBXFileReference; lastKnownFileType = sourcecode.c.objc; path = BuDeJieTests.m; sourceTree = "<group>"; };
		5761C5EC1EFA0D2400E7C142 /* Info.plist */ = {isa = PBXFileReference; lastKnownFileType = text.plist.xml; path = Info.plist; sourceTree = "<group>"; };
		5761C5F11EFA0D2400E7C142 /* BuDeJieUITests.xctest */ = {isa = PBXFileReference; explicitFileType = wrapper.cfbundle; includeInIndex = 0; path = BuDeJieUITests.xctest; sourceTree = BUILT_PRODUCTS_DIR; };
		5761C5F51EFA0D2400E7C142 /* BuDeJieUITests.m */ = {isa = PBXFileReference; lastKnownFileType = sourcecode.c.objc; path = BuDeJieUITests.m; sourceTree = "<group>"; };
		5761C5F71EFA0D2400E7C142 /* Info.plist */ = {isa = PBXFileReference; lastKnownFileType = text.plist.xml; path = Info.plist; sourceTree = "<group>"; };
		5761C6071EFA0EF900E7C142 /* AppDelegate.h */ = {isa = PBXFileReference; fileEncoding = 4; lastKnownFileType = sourcecode.c.h; path = AppDelegate.h; sourceTree = "<group>"; };
		5761C6081EFA0EF900E7C142 /* AppDelegate.m */ = {isa = PBXFileReference; fileEncoding = 4; lastKnownFileType = sourcecode.c.objc; path = AppDelegate.m; sourceTree = "<group>"; };
		5761C6151EFA118A00E7C142 /* BaseWebViewController.h */ = {isa = PBXFileReference; fileEncoding = 4; lastKnownFileType = sourcecode.c.h; path = BaseWebViewController.h; sourceTree = "<group>"; };
		5761C6161EFA118A00E7C142 /* BaseWebViewController.m */ = {isa = PBXFileReference; fileEncoding = 4; lastKnownFileType = sourcecode.c.objc; path = BaseWebViewController.m; sourceTree = "<group>"; };
		5761C6181EFA119C00E7C142 /* BaseWKWebViewController.h */ = {isa = PBXFileReference; fileEncoding = 4; lastKnownFileType = sourcecode.c.h; path = BaseWKWebViewController.h; sourceTree = "<group>"; };
		5761C6191EFA119C00E7C142 /* BaseWKWebViewController.m */ = {isa = PBXFileReference; fileEncoding = 4; lastKnownFileType = sourcecode.c.objc; path = BaseWKWebViewController.m; sourceTree = "<group>"; };
		5761C61E1EFA1A1A00E7C142 /* PrefixHeader.pch */ = {isa = PBXFileReference; fileEncoding = 4; lastKnownFileType = sourcecode.c.h; path = PrefixHeader.pch; sourceTree = "<group>"; };
		5761C61F1EFA1E9600E7C142 /* CommonMacro.h */ = {isa = PBXFileReference; lastKnownFileType = sourcecode.c.h; path = CommonMacro.h; sourceTree = "<group>"; };
		5761C6201EFA1F5A00E7C142 /* NSCalendar+Extension.h */ = {isa = PBXFileReference; fileEncoding = 4; lastKnownFileType = sourcecode.c.h; path = "NSCalendar+Extension.h"; sourceTree = "<group>"; };
		5761C6211EFA1F5A00E7C142 /* NSCalendar+Extension.m */ = {isa = PBXFileReference; fileEncoding = 4; lastKnownFileType = sourcecode.c.objc; path = "NSCalendar+Extension.m"; sourceTree = "<group>"; };
		5761C6221EFA1F5A00E7C142 /* NSDate+Extension.h */ = {isa = PBXFileReference; fileEncoding = 4; lastKnownFileType = sourcecode.c.h; path = "NSDate+Extension.h"; sourceTree = "<group>"; };
		5761C6231EFA1F5A00E7C142 /* NSDate+Extension.m */ = {isa = PBXFileReference; fileEncoding = 4; lastKnownFileType = sourcecode.c.objc; path = "NSDate+Extension.m"; sourceTree = "<group>"; };
		5761C6241EFA1F5A00E7C142 /* NSString+DateExtension.h */ = {isa = PBXFileReference; fileEncoding = 4; lastKnownFileType = sourcecode.c.h; path = "NSString+DateExtension.h"; sourceTree = "<group>"; };
		5761C6251EFA1F5A00E7C142 /* NSString+DateExtension.m */ = {isa = PBXFileReference; fileEncoding = 4; lastKnownFileType = sourcecode.c.objc; path = "NSString+DateExtension.m"; sourceTree = "<group>"; };
		5761C6261EFA1F5A00E7C142 /* NSString+XBYExtension.h */ = {isa = PBXFileReference; fileEncoding = 4; lastKnownFileType = sourcecode.c.h; path = "NSString+XBYExtension.h"; sourceTree = "<group>"; };
		5761C6271EFA1F5A00E7C142 /* NSString+XBYExtension.m */ = {isa = PBXFileReference; fileEncoding = 4; lastKnownFileType = sourcecode.c.objc; path = "NSString+XBYExtension.m"; sourceTree = "<group>"; };
		5761C6281EFA1F5A00E7C142 /* UIBarButtonItem+XBYExtension.h */ = {isa = PBXFileReference; fileEncoding = 4; lastKnownFileType = sourcecode.c.h; path = "UIBarButtonItem+XBYExtension.h"; sourceTree = "<group>"; };
		5761C6291EFA1F5A00E7C142 /* UIBarButtonItem+XBYExtension.m */ = {isa = PBXFileReference; fileEncoding = 4; lastKnownFileType = sourcecode.c.objc; path = "UIBarButtonItem+XBYExtension.m"; sourceTree = "<group>"; };
		5761C62A1EFA1F5A00E7C142 /* UIImage+EXtension.h */ = {isa = PBXFileReference; fileEncoding = 4; lastKnownFileType = sourcecode.c.h; path = "UIImage+EXtension.h"; sourceTree = "<group>"; };
		5761C62B1EFA1F5A00E7C142 /* UIImage+EXtension.m */ = {isa = PBXFileReference; fileEncoding = 4; lastKnownFileType = sourcecode.c.objc; path = "UIImage+EXtension.m"; sourceTree = "<group>"; };
		5761C62C1EFA1F5A00E7C142 /* UIImageView+Extension.h */ = {isa = PBXFileReference; fileEncoding = 4; lastKnownFileType = sourcecode.c.h; path = "UIImageView+Extension.h"; sourceTree = "<group>"; };
		5761C62D1EFA1F5A00E7C142 /* UIImageView+Extension.m */ = {isa = PBXFileReference; fileEncoding = 4; lastKnownFileType = sourcecode.c.objc; path = "UIImageView+Extension.m"; sourceTree = "<group>"; };
		5761C62E1EFA1F5A00E7C142 /* UITextField+XBYExtension.h */ = {isa = PBXFileReference; fileEncoding = 4; lastKnownFileType = sourcecode.c.h; path = "UITextField+XBYExtension.h"; sourceTree = "<group>"; };
		5761C62F1EFA1F5A00E7C142 /* UITextField+XBYExtension.m */ = {isa = PBXFileReference; fileEncoding = 4; lastKnownFileType = sourcecode.c.objc; path = "UITextField+XBYExtension.m"; sourceTree = "<group>"; };
		5761C6301EFA1F5A00E7C142 /* UIView+XBYExtension.h */ = {isa = PBXFileReference; fileEncoding = 4; lastKnownFileType = sourcecode.c.h; path = "UIView+XBYExtension.h"; sourceTree = "<group>"; };
		5761C6311EFA1F5A00E7C142 /* UIView+XBYExtension.m */ = {isa = PBXFileReference; fileEncoding = 4; lastKnownFileType = sourcecode.c.objc; path = "UIView+XBYExtension.m"; sourceTree = "<group>"; };
		5761C6321EFA1F5A00E7C142 /* UIViewController+Debug.h */ = {isa = PBXFileReference; fileEncoding = 4; lastKnownFileType = sourcecode.c.h; path = "UIViewController+Debug.h"; sourceTree = "<group>"; };
		5761C6331EFA1F5A00E7C142 /* UIViewController+Debug.m */ = {isa = PBXFileReference; fileEncoding = 4; lastKnownFileType = sourcecode.c.objc; path = "UIViewController+Debug.m"; sourceTree = "<group>"; };
		5761C63E1EFA26EB00E7C142 /* XBYConst.h */ = {isa = PBXFileReference; fileEncoding = 4; lastKnownFileType = sourcecode.c.h; path = XBYConst.h; sourceTree = "<group>"; };
		5761C63F1EFA26EB00E7C142 /* XBYConst.m */ = {isa = PBXFileReference; fileEncoding = 4; lastKnownFileType = sourcecode.c.objc; path = XBYConst.m; sourceTree = "<group>"; };
		578154261F15C38300050B06 /* XBYTimeTool.h */ = {isa = PBXFileReference; fileEncoding = 4; lastKnownFileType = sourcecode.c.h; path = XBYTimeTool.h; sourceTree = "<group>"; };
		578154271F15C38300050B06 /* XBYTimeTool.m */ = {isa = PBXFileReference; fileEncoding = 4; lastKnownFileType = sourcecode.c.objc; path = XBYTimeTool.m; sourceTree = "<group>"; };
		578FE6311F1EE00F00FAB234 /* XBYCommentViewController.h */ = {isa = PBXFileReference; fileEncoding = 4; lastKnownFileType = sourcecode.c.h; path = XBYCommentViewController.h; sourceTree = "<group>"; };
		578FE6321F1EE00F00FAB234 /* XBYCommentViewController.m */ = {isa = PBXFileReference; fileEncoding = 4; lastKnownFileType = sourcecode.c.objc; path = XBYCommentViewController.m; sourceTree = "<group>"; };
		578FE6341F1EE06800FAB234 /* XBYRefreshHeard.h */ = {isa = PBXFileReference; fileEncoding = 4; lastKnownFileType = sourcecode.c.h; path = XBYRefreshHeard.h; sourceTree = "<group>"; };
		578FE6351F1EE06800FAB234 /* XBYRefreshHeard.m */ = {isa = PBXFileReference; fileEncoding = 4; lastKnownFileType = sourcecode.c.objc; path = XBYRefreshHeard.m; sourceTree = "<group>"; };
		578FE6371F1EE24B00FAB234 /* XBYRefreshFooter.h */ = {isa = PBXFileReference; fileEncoding = 4; lastKnownFileType = sourcecode.c.h; path = XBYRefreshFooter.h; sourceTree = "<group>"; };
		578FE6381F1EE24B00FAB234 /* XBYRefreshFooter.m */ = {isa = PBXFileReference; fileEncoding = 4; lastKnownFileType = sourcecode.c.objc; path = XBYRefreshFooter.m; sourceTree = "<group>"; };
		578FE6431F1EEC1C00FAB234 /* XBYSessionManager.h */ = {isa = PBXFileReference; fileEncoding = 4; lastKnownFileType = sourcecode.c.h; path = XBYSessionManager.h; sourceTree = "<group>"; };
		578FE6441F1EEC1C00FAB234 /* XBYSessionManager.m */ = {isa = PBXFileReference; fileEncoding = 4; lastKnownFileType = sourcecode.c.objc; path = XBYSessionManager.m; sourceTree = "<group>"; };
		578FE6481F1EF62E00FAB234 /* IQNSArray+Sort.h */ = {isa = PBXFileReference; fileEncoding = 4; lastKnownFileType = sourcecode.c.h; path = "IQNSArray+Sort.h"; sourceTree = "<group>"; };
		578FE6491F1EF62E00FAB234 /* IQNSArray+Sort.m */ = {isa = PBXFileReference; fileEncoding = 4; lastKnownFileType = sourcecode.c.objc; path = "IQNSArray+Sort.m"; sourceTree = "<group>"; };
		578FE64A1F1EF62E00FAB234 /* IQUIScrollView+Additions.h */ = {isa = PBXFileReference; fileEncoding = 4; lastKnownFileType = sourcecode.c.h; path = "IQUIScrollView+Additions.h"; sourceTree = "<group>"; };
		578FE64B1F1EF62E00FAB234 /* IQUIScrollView+Additions.m */ = {isa = PBXFileReference; fileEncoding = 4; lastKnownFileType = sourcecode.c.objc; path = "IQUIScrollView+Additions.m"; sourceTree = "<group>"; };
		578FE64C1F1EF62E00FAB234 /* IQUITextFieldView+Additions.h */ = {isa = PBXFileReference; fileEncoding = 4; lastKnownFileType = sourcecode.c.h; path = "IQUITextFieldView+Additions.h"; sourceTree = "<group>"; };
		578FE64D1F1EF62E00FAB234 /* IQUITextFieldView+Additions.m */ = {isa = PBXFileReference; fileEncoding = 4; lastKnownFileType = sourcecode.c.objc; path = "IQUITextFieldView+Additions.m"; sourceTree = "<group>"; };
		578FE64E1F1EF62E00FAB234 /* IQUIView+Hierarchy.h */ = {isa = PBXFileReference; fileEncoding = 4; lastKnownFileType = sourcecode.c.h; path = "IQUIView+Hierarchy.h"; sourceTree = "<group>"; };
		578FE64F1F1EF62E00FAB234 /* IQUIView+Hierarchy.m */ = {isa = PBXFileReference; fileEncoding = 4; lastKnownFileType = sourcecode.c.objc; path = "IQUIView+Hierarchy.m"; sourceTree = "<group>"; };
		578FE6501F1EF62E00FAB234 /* IQUIViewController+Additions.h */ = {isa = PBXFileReference; fileEncoding = 4; lastKnownFileType = sourcecode.c.h; path = "IQUIViewController+Additions.h"; sourceTree = "<group>"; };
		578FE6511F1EF62E00FAB234 /* IQUIViewController+Additions.m */ = {isa = PBXFileReference; fileEncoding = 4; lastKnownFileType = sourcecode.c.objc; path = "IQUIViewController+Additions.m"; sourceTree = "<group>"; };
		578FE6521F1EF62E00FAB234 /* IQUIWindow+Hierarchy.h */ = {isa = PBXFileReference; fileEncoding = 4; lastKnownFileType = sourcecode.c.h; path = "IQUIWindow+Hierarchy.h"; sourceTree = "<group>"; };
		578FE6531F1EF62E00FAB234 /* IQUIWindow+Hierarchy.m */ = {isa = PBXFileReference; fileEncoding = 4; lastKnownFileType = sourcecode.c.objc; path = "IQUIWindow+Hierarchy.m"; sourceTree = "<group>"; };
		578FE6551F1EF62E00FAB234 /* IQKeyboardManagerConstants.h */ = {isa = PBXFileReference; fileEncoding = 4; lastKnownFileType = sourcecode.c.h; path = IQKeyboardManagerConstants.h; sourceTree = "<group>"; };
		578FE6561F1EF62E00FAB234 /* IQKeyboardManagerConstantsInternal.h */ = {isa = PBXFileReference; fileEncoding = 4; lastKnownFileType = sourcecode.c.h; path = IQKeyboardManagerConstantsInternal.h; sourceTree = "<group>"; };
		578FE6571F1EF62E00FAB234 /* IQKeyboardManager.h */ = {isa = PBXFileReference; fileEncoding = 4; lastKnownFileType = sourcecode.c.h; path = IQKeyboardManager.h; sourceTree = "<group>"; };
		578FE6581F1EF62E00FAB234 /* IQKeyboardManager.m */ = {isa = PBXFileReference; fileEncoding = 4; lastKnownFileType = sourcecode.c.objc; path = IQKeyboardManager.m; sourceTree = "<group>"; };
		578FE6591F1EF62E00FAB234 /* IQKeyboardReturnKeyHandler.h */ = {isa = PBXFileReference; fileEncoding = 4; lastKnownFileType = sourcecode.c.h; path = IQKeyboardReturnKeyHandler.h; sourceTree = "<group>"; };
		578FE65A1F1EF62E00FAB234 /* IQKeyboardReturnKeyHandler.m */ = {isa = PBXFileReference; fileEncoding = 4; lastKnownFileType = sourcecode.c.objc; path = IQKeyboardReturnKeyHandler.m; sourceTree = "<group>"; };
		578FE65C1F1EF62E00FAB234 /* IQTextView.h */ = {isa = PBXFileReference; fileEncoding = 4; lastKnownFileType = sourcecode.c.h; path = IQTextView.h; sourceTree = "<group>"; };
		578FE65D1F1EF62E00FAB234 /* IQTextView.m */ = {isa = PBXFileReference; fileEncoding = 4; lastKnownFileType = sourcecode.c.objc; path = IQTextView.m; sourceTree = "<group>"; };
		578FE65F1F1EF62E00FAB234 /* IQBarButtonItem.h */ = {isa = PBXFileReference; fileEncoding = 4; lastKnownFileType = sourcecode.c.h; path = IQBarButtonItem.h; sourceTree = "<group>"; };
		578FE6601F1EF62E00FAB234 /* IQBarButtonItem.m */ = {isa = PBXFileReference; fileEncoding = 4; lastKnownFileType = sourcecode.c.objc; path = IQBarButtonItem.m; sourceTree = "<group>"; };
		578FE6611F1EF62E00FAB234 /* IQTitleBarButtonItem.h */ = {isa = PBXFileReference; fileEncoding = 4; lastKnownFileType = sourcecode.c.h; path = IQTitleBarButtonItem.h; sourceTree = "<group>"; };
		578FE6621F1EF62E00FAB234 /* IQTitleBarButtonItem.m */ = {isa = PBXFileReference; fileEncoding = 4; lastKnownFileType = sourcecode.c.objc; path = IQTitleBarButtonItem.m; sourceTree = "<group>"; };
		578FE6631F1EF62E00FAB234 /* IQToolbar.h */ = {isa = PBXFileReference; fileEncoding = 4; lastKnownFileType = sourcecode.c.h; path = IQToolbar.h; sourceTree = "<group>"; };
		578FE6641F1EF62E00FAB234 /* IQToolbar.m */ = {isa = PBXFileReference; fileEncoding = 4; lastKnownFileType = sourcecode.c.objc; path = IQToolbar.m; sourceTree = "<group>"; };
		578FE6651F1EF62E00FAB234 /* IQUIView+IQKeyboardToolbar.h */ = {isa = PBXFileReference; fileEncoding = 4; lastKnownFileType = sourcecode.c.h; path = "IQUIView+IQKeyboardToolbar.h"; sourceTree = "<group>"; };
		578FE6661F1EF62E00FAB234 /* IQUIView+IQKeyboardToolbar.m */ = {isa = PBXFileReference; fileEncoding = 4; lastKnownFileType = sourcecode.c.objc; path = "IQUIView+IQKeyboardToolbar.m"; sourceTree = "<group>"; };
		578FE6671F1EF62E00FAB234 /* KeyboardManager.h */ = {isa = PBXFileReference; fileEncoding = 4; lastKnownFileType = sourcecode.c.h; path = KeyboardManager.h; sourceTree = "<group>"; };
		578FE6691F1EF62E00FAB234 /* IQKeyboardManager.bundle */ = {isa = PBXFileReference; lastKnownFileType = "wrapper.plug-in"; path = IQKeyboardManager.bundle; sourceTree = "<group>"; };
		578FE66B1F1EF62E00FAB234 /* JCRBlurView.h */ = {isa = PBXFileReference; fileEncoding = 4; lastKnownFileType = sourcecode.c.h; path = JCRBlurView.h; sourceTree = "<group>"; };
		578FE66C1F1EF62E00FAB234 /* JCRBlurView.m */ = {isa = PBXFileReference; fileEncoding = 4; lastKnownFileType = sourcecode.c.objc; path = JCRBlurView.m; sourceTree = "<group>"; };
		578FE66F1F1EF62E00FAB234 /* UITableView+FDIndexPathHeightCache.h */ = {isa = PBXFileReference; fileEncoding = 4; lastKnownFileType = sourcecode.c.h; path = "UITableView+FDIndexPathHeightCache.h"; sourceTree = "<group>"; };
		578FE6701F1EF62E00FAB234 /* UITableView+FDIndexPathHeightCache.m */ = {isa = PBXFileReference; fileEncoding = 4; lastKnownFileType = sourcecode.c.objc; path = "UITableView+FDIndexPathHeightCache.m"; sourceTree = "<group>"; };
		578FE6711F1EF62E00FAB234 /* UITableView+FDKeyedHeightCache.h */ = {isa = PBXFileReference; fileEncoding = 4; lastKnownFileType = sourcecode.c.h; path = "UITableView+FDKeyedHeightCache.h"; sourceTree = "<group>"; };
		578FE6721F1EF62E00FAB234 /* UITableView+FDKeyedHeightCache.m */ = {isa = PBXFileReference; fileEncoding = 4; lastKnownFileType = sourcecode.c.objc; path = "UITableView+FDKeyedHeightCache.m"; sourceTree = "<group>"; };
		578FE6731F1EF62E00FAB234 /* UITableView+FDTemplateLayoutCell.h */ = {isa = PBXFileReference; fileEncoding = 4; lastKnownFileType = sourcecode.c.h; path = "UITableView+FDTemplateLayoutCell.h"; sourceTree = "<group>"; };
		578FE6741F1EF62E00FAB234 /* UITableView+FDTemplateLayoutCell.m */ = {isa = PBXFileReference; fileEncoding = 4; lastKnownFileType = sourcecode.c.objc; path = "UITableView+FDTemplateLayoutCell.m"; sourceTree = "<group>"; };
		578FE6751F1EF62E00FAB234 /* UITableView+FDTemplateLayoutCellDebug.h */ = {isa = PBXFileReference; fileEncoding = 4; lastKnownFileType = sourcecode.c.h; path = "UITableView+FDTemplateLayoutCellDebug.h"; sourceTree = "<group>"; };
		578FE6761F1EF62E00FAB234 /* UITableView+FDTemplateLayoutCellDebug.m */ = {isa = PBXFileReference; fileEncoding = 4; lastKnownFileType = sourcecode.c.objc; path = "UITableView+FDTemplateLayoutCellDebug.m"; sourceTree = "<group>"; };
		57AB80721F0B288300A471D7 /* XBYBaseTabBarController.h */ = {isa = PBXFileReference; fileEncoding = 4; lastKnownFileType = sourcecode.c.h; path = XBYBaseTabBarController.h; sourceTree = "<group>"; };
		57AB80731F0B288300A471D7 /* XBYBaseTabBarController.m */ = {isa = PBXFileReference; fileEncoding = 4; lastKnownFileType = sourcecode.c.objc; path = XBYBaseTabBarController.m; sourceTree = "<group>"; };
		57AB80751F0B28B400A471D7 /* Assets.xcassets */ = {isa = PBXFileReference; lastKnownFileType = folder.assetcatalog; path = Assets.xcassets; sourceTree = "<group>"; };
		57AB808D1F0B2A7D00A471D7 /* XBYBaseNavigationController.h */ = {isa = PBXFileReference; fileEncoding = 4; lastKnownFileType = sourcecode.c.h; path = XBYBaseNavigationController.h; sourceTree = "<group>"; };
		57AB808E1F0B2A7D00A471D7 /* XBYBaseNavigationController.m */ = {isa = PBXFileReference; fileEncoding = 4; lastKnownFileType = sourcecode.c.objc; path = XBYBaseNavigationController.m; sourceTree = "<group>"; };
		57AB80901F0B2AB000A471D7 /* XBYEssenceViewController.h */ = {isa = PBXFileReference; fileEncoding = 4; lastKnownFileType = sourcecode.c.h; path = XBYEssenceViewController.h; sourceTree = "<group>"; };
		57AB80911F0B2AB000A471D7 /* XBYEssenceViewController.m */ = {isa = PBXFileReference; fileEncoding = 4; lastKnownFileType = sourcecode.c.objc; path = XBYEssenceViewController.m; sourceTree = "<group>"; };
		57AB80931F0B2AD100A471D7 /* XBYNewpostViewController.h */ = {isa = PBXFileReference; fileEncoding = 4; lastKnownFileType = sourcecode.c.h; path = XBYNewpostViewController.h; sourceTree = "<group>"; };
		57AB80941F0B2AD100A471D7 /* XBYNewpostViewController.m */ = {isa = PBXFileReference; fileEncoding = 4; lastKnownFileType = sourcecode.c.objc; path = XBYNewpostViewController.m; sourceTree = "<group>"; };
		57AB80961F0B2AE700A471D7 /* XBYAttentionViewController.h */ = {isa = PBXFileReference; fileEncoding = 4; lastKnownFileType = sourcecode.c.h; path = XBYAttentionViewController.h; sourceTree = "<group>"; };
		57AB80971F0B2AE700A471D7 /* XBYAttentionViewController.m */ = {isa = PBXFileReference; fileEncoding = 4; lastKnownFileType = sourcecode.c.objc; path = XBYAttentionViewController.m; sourceTree = "<group>"; };
		57AB80991F0B2B0800A471D7 /* XBYMineViewController.h */ = {isa = PBXFileReference; fileEncoding = 4; lastKnownFileType = sourcecode.c.h; path = XBYMineViewController.h; sourceTree = "<group>"; };
		57AB809A1F0B2B0800A471D7 /* XBYMineViewController.m */ = {isa = PBXFileReference; fileEncoding = 4; lastKnownFileType = sourcecode.c.objc; path = XBYMineViewController.m; sourceTree = "<group>"; };
		57AB809D1F0B2B3D00A471D7 /* BaseTabBar.h */ = {isa = PBXFileReference; fileEncoding = 4; lastKnownFileType = sourcecode.c.h; path = BaseTabBar.h; sourceTree = "<group>"; };
		57AB809E1F0B2B3D00A471D7 /* BaseTabBar.m */ = {isa = PBXFileReference; fileEncoding = 4; lastKnownFileType = sourcecode.c.objc; path = BaseTabBar.m; sourceTree = "<group>"; };
		57AB80A01F0B76D200A471D7 /* XBYAdVertisementViewController.h */ = {isa = PBXFileReference; fileEncoding = 4; lastKnownFileType = sourcecode.c.h; path = XBYAdVertisementViewController.h; sourceTree = "<group>"; };
		57AB80A11F0B76D200A471D7 /* XBYAdVertisementViewController.m */ = {isa = PBXFileReference; fileEncoding = 4; lastKnownFileType = sourcecode.c.objc; path = XBYAdVertisementViewController.m; sourceTree = "<group>"; };
		57AB80A31F0B79CA00A471D7 /* XBYAdmodel.h */ = {isa = PBXFileReference; fileEncoding = 4; lastKnownFileType = sourcecode.c.h; path = XBYAdmodel.h; sourceTree = "<group>"; };
		57AB80A41F0B79CA00A471D7 /* XBYAdmodel.m */ = {isa = PBXFileReference; fileEncoding = 4; lastKnownFileType = sourcecode.c.objc; path = XBYAdmodel.m; sourceTree = "<group>"; };
		57AB80AB1F0B94C800A471D7 /* XBYBaseViewController.h */ = {isa = PBXFileReference; fileEncoding = 4; lastKnownFileType = sourcecode.c.h; path = XBYBaseViewController.h; sourceTree = "<group>"; };
		57AB80AC1F0B94C800A471D7 /* XBYBaseViewController.m */ = {isa = PBXFileReference; fileEncoding = 4; lastKnownFileType = sourcecode.c.objc; path = XBYBaseViewController.m; sourceTree = "<group>"; };
		57AB80AE1F0B958300A471D7 /* XBYPublishViewController.h */ = {isa = PBXFileReference; fileEncoding = 4; lastKnownFileType = sourcecode.c.h; path = XBYPublishViewController.h; sourceTree = "<group>"; };
		57AB80AF1F0B958300A471D7 /* XBYPublishViewController.m */ = {isa = PBXFileReference; fileEncoding = 4; lastKnownFileType = sourcecode.c.objc; path = XBYPublishViewController.m; sourceTree = "<group>"; };
		57AB80B11F0C726300A471D7 /* XBYTopicViewController.h */ = {isa = PBXFileReference; fileEncoding = 4; lastKnownFileType = sourcecode.c.h; path = XBYTopicViewController.h; sourceTree = "<group>"; };
		57AB80B21F0C726300A471D7 /* XBYTopicViewController.m */ = {isa = PBXFileReference; fileEncoding = 4; lastKnownFileType = sourcecode.c.objc; path = XBYTopicViewController.m; sourceTree = "<group>"; };
		57AB80B41F0C734200A471D7 /* XBYAllViewController.h */ = {isa = PBXFileReference; fileEncoding = 4; lastKnownFileType = sourcecode.c.h; path = XBYAllViewController.h; sourceTree = "<group>"; };
		57AB80B51F0C734200A471D7 /* XBYAllViewController.m */ = {isa = PBXFileReference; fileEncoding = 4; lastKnownFileType = sourcecode.c.objc; path = XBYAllViewController.m; sourceTree = "<group>"; };
		57AB80B71F0C736700A471D7 /* XBYVideoViewController.h */ = {isa = PBXFileReference; fileEncoding = 4; lastKnownFileType = sourcecode.c.h; path = XBYVideoViewController.h; sourceTree = "<group>"; };
		57AB80B81F0C736700A471D7 /* XBYVideoViewController.m */ = {isa = PBXFileReference; fileEncoding = 4; lastKnownFileType = sourcecode.c.objc; path = XBYVideoViewController.m; sourceTree = "<group>"; };
		57AB80BA1F0C737200A471D7 /* XBYVoiceViewController.h */ = {isa = PBXFileReference; fileEncoding = 4; lastKnownFileType = sourcecode.c.h; path = XBYVoiceViewController.h; sourceTree = "<group>"; };
		57AB80BB1F0C737200A471D7 /* XBYVoiceViewController.m */ = {isa = PBXFileReference; fileEncoding = 4; lastKnownFileType = sourcecode.c.objc; path = XBYVoiceViewController.m; sourceTree = "<group>"; };
		57AB80BD1F0C738300A471D7 /* XBYPictureViewController.h */ = {isa = PBXFileReference; fileEncoding = 4; lastKnownFileType = sourcecode.c.h; path = XBYPictureViewController.h; sourceTree = "<group>"; };
		57AB80BE1F0C738300A471D7 /* XBYPictureViewController.m */ = {isa = PBXFileReference; fileEncoding = 4; lastKnownFileType = sourcecode.c.objc; path = XBYPictureViewController.m; sourceTree = "<group>"; };
		57AB80C01F0C739000A471D7 /* XBYWordViewController.h */ = {isa = PBXFileReference; fileEncoding = 4; lastKnownFileType = sourcecode.c.h; path = XBYWordViewController.h; sourceTree = "<group>"; };
		57AB80C11F0C739000A471D7 /* XBYWordViewController.m */ = {isa = PBXFileReference; fileEncoding = 4; lastKnownFileType = sourcecode.c.objc; path = XBYWordViewController.m; sourceTree = "<group>"; };
		57AB80C31F0C739F00A471D7 /* XBYSeeBigPictureViewController.h */ = {isa = PBXFileReference; fileEncoding = 4; lastKnownFileType = sourcecode.c.h; path = XBYSeeBigPictureViewController.h; sourceTree = "<group>"; };
		57AB80C41F0C739F00A471D7 /* XBYSeeBigPictureViewController.m */ = {isa = PBXFileReference; fileEncoding = 4; lastKnownFileType = sourcecode.c.objc; path = XBYSeeBigPictureViewController.m; sourceTree = "<group>"; };
		57AB80C61F0C744800A471D7 /* XBYRecommendViewController.h */ = {isa = PBXFileReference; fileEncoding = 4; lastKnownFileType = sourcecode.c.h; path = XBYRecommendViewController.h; sourceTree = "<group>"; };
		57AB80C71F0C744800A471D7 /* XBYRecommendViewController.m */ = {isa = PBXFileReference; fileEncoding = 4; lastKnownFileType = sourcecode.c.objc; path = XBYRecommendViewController.m; sourceTree = "<group>"; };
		57AB80C91F0C759300A471D7 /* XBYTopic.h */ = {isa = PBXFileReference; fileEncoding = 4; lastKnownFileType = sourcecode.c.h; path = XBYTopic.h; sourceTree = "<group>"; };
		57AB80CA1F0C759300A471D7 /* XBYTopic.m */ = {isa = PBXFileReference; fileEncoding = 4; lastKnownFileType = sourcecode.c.objc; path = XBYTopic.m; sourceTree = "<group>"; };
		57AB80CC1F0C75A300A471D7 /* XBYComment.h */ = {isa = PBXFileReference; fileEncoding = 4; lastKnownFileType = sourcecode.c.h; path = XBYComment.h; sourceTree = "<group>"; };
		57AB80CD1F0C75A300A471D7 /* XBYComment.m */ = {isa = PBXFileReference; fileEncoding = 4; lastKnownFileType = sourcecode.c.objc; path = XBYComment.m; sourceTree = "<group>"; };
		57AB80CF1F0C75AD00A471D7 /* XBYUser.h */ = {isa = PBXFileReference; fileEncoding = 4; lastKnownFileType = sourcecode.c.h; path = XBYUser.h; sourceTree = "<group>"; };
		57AB80D01F0C75AD00A471D7 /* XBYUser.m */ = {isa = PBXFileReference; fileEncoding = 4; lastKnownFileType = sourcecode.c.objc; path = XBYUser.m; sourceTree = "<group>"; };
		57AB80D21F0C75BC00A471D7 /* XBYTitleButton.h */ = {isa = PBXFileReference; fileEncoding = 4; lastKnownFileType = sourcecode.c.h; path = XBYTitleButton.h; sourceTree = "<group>"; };
		57AB80D31F0C75BC00A471D7 /* XBYTitleButton.m */ = {isa = PBXFileReference; fileEncoding = 4; lastKnownFileType = sourcecode.c.objc; path = XBYTitleButton.m; sourceTree = "<group>"; };
		57AB80D51F0C75D000A471D7 /* XBYTopicCell.h */ = {isa = PBXFileReference; fileEncoding = 4; lastKnownFileType = sourcecode.c.h; path = XBYTopicCell.h; sourceTree = "<group>"; };
		57AB80D61F0C75D000A471D7 /* XBYTopicCell.m */ = {isa = PBXFileReference; fileEncoding = 4; lastKnownFileType = sourcecode.c.objc; path = XBYTopicCell.m; sourceTree = "<group>"; };
		57AB80D81F0C761000A471D7 /* XBYTopicVideo.h */ = {isa = PBXFileReference; fileEncoding = 4; lastKnownFileType = sourcecode.c.h; path = XBYTopicVideo.h; sourceTree = "<group>"; };
		57AB80D91F0C761000A471D7 /* XBYTopicVideo.m */ = {isa = PBXFileReference; fileEncoding = 4; lastKnownFileType = sourcecode.c.objc; path = XBYTopicVideo.m; sourceTree = "<group>"; };
		57AB80DB1F0C761D00A471D7 /* XBYTopicVoice.h */ = {isa = PBXFileReference; fileEncoding = 4; lastKnownFileType = sourcecode.c.h; path = XBYTopicVoice.h; sourceTree = "<group>"; };
		57AB80DC1F0C761D00A471D7 /* XBYTopicVoice.m */ = {isa = PBXFileReference; fileEncoding = 4; lastKnownFileType = sourcecode.c.objc; path = XBYTopicVoice.m; sourceTree = "<group>"; };
		57AB80DE1F0C762A00A471D7 /* XBYTopicImage.h */ = {isa = PBXFileReference; fileEncoding = 4; lastKnownFileType = sourcecode.c.h; path = XBYTopicImage.h; sourceTree = "<group>"; };
		57AB80DF1F0C762A00A471D7 /* XBYTopicImage.m */ = {isa = PBXFileReference; fileEncoding = 4; lastKnownFileType = sourcecode.c.objc; path = XBYTopicImage.m; sourceTree = "<group>"; };
		57AB80E81F0DBE3300A471D7 /* XBYShouldRecommendViewController.h */ = {isa = PBXFileReference; fileEncoding = 4; lastKnownFileType = sourcecode.c.h; path = XBYShouldRecommendViewController.h; sourceTree = "<group>"; };
		57AB80E91F0DBE3300A471D7 /* XBYShouldRecommendViewController.m */ = {isa = PBXFileReference; fileEncoding = 4; lastKnownFileType = sourcecode.c.objc; path = XBYShouldRecommendViewController.m; sourceTree = "<group>"; };
		57AB80EB1F0DC20700A471D7 /* XBYLoginAndRegisterViewController.h */ = {isa = PBXFileReference; fileEncoding = 4; lastKnownFileType = sourcecode.c.h; path = XBYLoginAndRegisterViewController.h; sourceTree = "<group>"; };
		57AB80EC1F0DC20700A471D7 /* XBYLoginAndRegisterViewController.m */ = {isa = PBXFileReference; fileEncoding = 4; lastKnownFileType = sourcecode.c.objc; path = XBYLoginAndRegisterViewController.m; sourceTree = "<group>"; };
		57AB80FA1F0E1E7D00A471D7 /* XBYLoginInputView.h */ = {isa = PBXFileReference; fileEncoding = 4; lastKnownFileType = sourcecode.c.h; path = XBYLoginInputView.h; sourceTree = "<group>"; };
		57AB80FB1F0E1E7D00A471D7 /* XBYLoginInputView.m */ = {isa = PBXFileReference; fileEncoding = 4; lastKnownFileType = sourcecode.c.objc; path = XBYLoginInputView.m; sourceTree = "<group>"; };
		57AB80FD1F0E1E8C00A471D7 /* XBYRegisterInputView.h */ = {isa = PBXFileReference; fileEncoding = 4; lastKnownFileType = sourcecode.c.h; path = XBYRegisterInputView.h; sourceTree = "<group>"; };
		57AB80FE1F0E1E8C00A471D7 /* XBYRegisterInputView.m */ = {isa = PBXFileReference; fileEncoding = 4; lastKnownFileType = sourcecode.c.objc; path = XBYRegisterInputView.m; sourceTree = "<group>"; };
		57AB81001F0E311400A471D7 /* UIButton+TitleBelowImage.h */ = {isa = PBXFileReference; fileEncoding = 4; lastKnownFileType = sourcecode.c.h; path = "UIButton+TitleBelowImage.h"; sourceTree = "<group>"; };
		57AB81011F0E311400A471D7 /* UIButton+TitleBelowImage.m */ = {isa = PBXFileReference; fileEncoding = 4; lastKnownFileType = sourcecode.c.objc; path = "UIButton+TitleBelowImage.m"; sourceTree = "<group>"; };
		57AB81031F0E349400A471D7 /* XBYQuicklyLoginView.h */ = {isa = PBXFileReference; fileEncoding = 4; lastKnownFileType = sourcecode.c.h; path = XBYQuicklyLoginView.h; sourceTree = "<group>"; };
		57AB81041F0E349400A471D7 /* XBYQuicklyLoginView.m */ = {isa = PBXFileReference; fileEncoding = 4; lastKnownFileType = sourcecode.c.objc; path = XBYQuicklyLoginView.m; sourceTree = "<group>"; };
		57AB81061F0F7C4600A471D7 /* XBYRecommendModel.h */ = {isa = PBXFileReference; fileEncoding = 4; lastKnownFileType = sourcecode.c.h; path = XBYRecommendModel.h; sourceTree = "<group>"; };
		57AB81071F0F7C4600A471D7 /* XBYRecommendModel.m */ = {isa = PBXFileReference; fileEncoding = 4; lastKnownFileType = sourcecode.c.objc; path = XBYRecommendModel.m; sourceTree = "<group>"; };
		57AB81091F0F7CD000A471D7 /* XBYRecommendTableViewCell.h */ = {isa = PBXFileReference; fileEncoding = 4; lastKnownFileType = sourcecode.c.h; path = XBYRecommendTableViewCell.h; sourceTree = "<group>"; };
		57AB810A1F0F7CD000A471D7 /* XBYRecommendTableViewCell.m */ = {isa = PBXFileReference; fileEncoding = 4; lastKnownFileType = sourcecode.c.objc; path = XBYRecommendTableViewCell.m; sourceTree = "<group>"; };
		A75F58776B9C798BBC74F584 /* Pods-BuDeJie.release.xcconfig */ = {isa = PBXFileReference; includeInIndex = 1; lastKnownFileType = text.xcconfig; name = "Pods-BuDeJie.release.xcconfig"; path = "Pods/Target Support Files/Pods-BuDeJie/Pods-BuDeJie.release.xcconfig"; sourceTree = "<group>"; };
		B977CB342A37281A00BB2A5B /* Pods-BuDeJie.debug.xcconfig */ = {isa = PBXFileReference; includeInIndex = 1; lastKnownFileType = text.xcconfig; name = "Pods-BuDeJie.debug.xcconfig"; path = "Pods/Target Support Files/Pods-BuDeJie/Pods-BuDeJie.debug.xcconfig"; sourceTree = "<group>"; };
		D4A6077430D268423FDDD7E3 /* libPods-BuDeJie.a */ = {isa = PBXFileReference; explicitFileType = archive.ar; includeInIndex = 0; path = "libPods-BuDeJie.a"; sourceTree = BUILT_PRODUCTS_DIR; };
/* End PBXFileReference section */

/* Begin PBXFrameworksBuildPhase section */
		5761C5CA1EFA0D2400E7C142 /* Frameworks */ = {
			isa = PBXFrameworksBuildPhase;
			buildActionMask = 2147483647;
			files = (
				0B95E60345060AF28C62FE71 /* libPods-BuDeJie.a in Frameworks */,
			);
			runOnlyForDeploymentPostprocessing = 0;
		};
		5761C5E31EFA0D2400E7C142 /* Frameworks */ = {
			isa = PBXFrameworksBuildPhase;
			buildActionMask = 2147483647;
			files = (
			);
			runOnlyForDeploymentPostprocessing = 0;
		};
		5761C5EE1EFA0D2400E7C142 /* Frameworks */ = {
			isa = PBXFrameworksBuildPhase;
			buildActionMask = 2147483647;
			files = (
			);
			runOnlyForDeploymentPostprocessing = 0;
		};
/* End PBXFrameworksBuildPhase section */

/* Begin PBXGroup section */
		14E441786A95F0D666C4E6D4 /* Frameworks */ = {
			isa = PBXGroup;
			children = (
				D4A6077430D268423FDDD7E3 /* libPods-BuDeJie.a */,
			);
			name = Frameworks;
			sourceTree = "<group>";
		};
		1B8F6E020BB2B568C6FFB289 /* Pods */ = {
			isa = PBXGroup;
			children = (
				B977CB342A37281A00BB2A5B /* Pods-BuDeJie.debug.xcconfig */,
				A75F58776B9C798BBC74F584 /* Pods-BuDeJie.release.xcconfig */,
			);
			name = Pods;
			sourceTree = "<group>";
		};
		5761C5C41EFA0D2400E7C142 = {
			isa = PBXGroup;
			children = (
				5761C5CF1EFA0D2400E7C142 /* BuDeJie */,
				5761C5E91EFA0D2400E7C142 /* BuDeJieTests */,
				5761C5F41EFA0D2400E7C142 /* BuDeJieUITests */,
				5761C5CE1EFA0D2400E7C142 /* Products */,
				1B8F6E020BB2B568C6FFB289 /* Pods */,
				14E441786A95F0D666C4E6D4 /* Frameworks */,
			);
			sourceTree = "<group>";
		};
		5761C5CE1EFA0D2400E7C142 /* Products */ = {
			isa = PBXGroup;
			children = (
				5761C5CD1EFA0D2400E7C142 /* BuDeJie.app */,
				5761C5E61EFA0D2400E7C142 /* BuDeJieTests.xctest */,
				5761C5F11EFA0D2400E7C142 /* BuDeJieUITests.xctest */,
			);
			name = Products;
			sourceTree = "<group>";
		};
		5761C5CF1EFA0D2400E7C142 /* BuDeJie */ = {
			isa = PBXGroup;
			children = (
				5761C6031EFA0EBE00E7C142 /* Class */,
				5761C6041EFA0EBE00E7C142 /* Common */,
				5761C6051EFA0EBE00E7C142 /* Libs */,
				5761C61B1EFA18DD00E7C142 /* Resources */,
				5761C61C1EFA19A600E7C142 /* Other */,
				5761C5D01EFA0D2400E7C142 /* Supporting Files */,
			);
			path = BuDeJie;
			sourceTree = "<group>";
		};
		5761C5D01EFA0D2400E7C142 /* Supporting Files */ = {
			isa = PBXGroup;
			children = (
				5761C5D11EFA0D2400E7C142 /* main.m */,
			);
			name = "Supporting Files";
			sourceTree = "<group>";
		};
		5761C5E91EFA0D2400E7C142 /* BuDeJieTests */ = {
			isa = PBXGroup;
			children = (
				5761C5EA1EFA0D2400E7C142 /* BuDeJieTests.m */,
				5761C5EC1EFA0D2400E7C142 /* Info.plist */,
			);
			path = BuDeJieTests;
			sourceTree = "<group>";
		};
		5761C5F41EFA0D2400E7C142 /* BuDeJieUITests */ = {
			isa = PBXGroup;
			children = (
				5761C5F51EFA0D2400E7C142 /* BuDeJieUITests.m */,
				5761C5F71EFA0D2400E7C142 /* Info.plist */,
			);
			path = BuDeJieUITests;
			sourceTree = "<group>";
		};
		5761C6031EFA0EBE00E7C142 /* Class */ = {
			isa = PBXGroup;
			children = (
				5761C6061EFA0ED700E7C142 /* AppDelegate */,
				5761C60E1EFA0F6500E7C142 /* Essence */,
				5761C6111EFA0F6500E7C142 /* Newpost */,
				5761C6131EFA0F6500E7C142 /* Publish */,
				5761C60D1EFA0F6500E7C142 /* Attention */,
				5761C6101EFA0F6500E7C142 /* Mine */,
				5761C60F1EFA0F6500E7C142 /* Main */,
				5761C6121EFA0F6500E7C142 /* Other */,
			);
			path = Class;
			sourceTree = "<group>";
		};
		5761C6041EFA0EBE00E7C142 /* Common */ = {
			isa = PBXGroup;
			children = (
				578FE6421F1EEC1C00FAB234 /* Other */,
				5761C60A1EFA0F2000E7C142 /* Base */,
				5761C60B1EFA0F2000E7C142 /* Category */,
				5761C60C1EFA0F2000E7C142 /* CustomView */,
			);
			path = Common;
			sourceTree = "<group>";
		};
		5761C6051EFA0EBE00E7C142 /* Libs */ = {
			isa = PBXGroup;
			children = (
				578FE6461F1EF62E00FAB234 /* IQKeyBoardManager */,
				578FE66A1F1EF62E00FAB234 /* JCRBlurView */,
				578FE66D1F1EF62E00FAB234 /* KMCGeigerCounter */,
				578FE66E1F1EF62E00FAB234 /* UITableView+FDTemplateLayoutCell */,
			);
			path = Libs;
			sourceTree = "<group>";
		};
		5761C6061EFA0ED700E7C142 /* AppDelegate */ = {
			isa = PBXGroup;
			children = (
				5761C6071EFA0EF900E7C142 /* AppDelegate.h */,
				5761C6081EFA0EF900E7C142 /* AppDelegate.m */,
			);
			path = AppDelegate;
			sourceTree = "<group>";
		};
		5761C60A1EFA0F2000E7C142 /* Base */ = {
			isa = PBXGroup;
			children = (
				57AB80AA1F0B94B400A471D7 /* BaseViewController */,
				57AB808C1F0B2A5300A471D7 /* BaseNavigationController */,
				57AB80711F0B285500A471D7 /* BaseTabbarController */,
				5761C6141EFA0FD200E7C142 /* BaseWebViewController */,
			);
			path = Base;
			sourceTree = "<group>";
		};
		5761C60B1EFA0F2000E7C142 /* Category */ = {
			isa = PBXGroup;
			children = (
				5761C6201EFA1F5A00E7C142 /* NSCalendar+Extension.h */,
				5761C6211EFA1F5A00E7C142 /* NSCalendar+Extension.m */,
				5761C6221EFA1F5A00E7C142 /* NSDate+Extension.h */,
				5761C6231EFA1F5A00E7C142 /* NSDate+Extension.m */,
				5761C6241EFA1F5A00E7C142 /* NSString+DateExtension.h */,
				5761C6251EFA1F5A00E7C142 /* NSString+DateExtension.m */,
				5761C6261EFA1F5A00E7C142 /* NSString+XBYExtension.h */,
				5761C6271EFA1F5A00E7C142 /* NSString+XBYExtension.m */,
				5761C6281EFA1F5A00E7C142 /* UIBarButtonItem+XBYExtension.h */,
				5761C6291EFA1F5A00E7C142 /* UIBarButtonItem+XBYExtension.m */,
				5761C62A1EFA1F5A00E7C142 /* UIImage+EXtension.h */,
				5761C62B1EFA1F5A00E7C142 /* UIImage+EXtension.m */,
				5761C62C1EFA1F5A00E7C142 /* UIImageView+Extension.h */,
				5761C62D1EFA1F5A00E7C142 /* UIImageView+Extension.m */,
				5761C62E1EFA1F5A00E7C142 /* UITextField+XBYExtension.h */,
				5761C62F1EFA1F5A00E7C142 /* UITextField+XBYExtension.m */,
				5761C6301EFA1F5A00E7C142 /* UIView+XBYExtension.h */,
				5761C6311EFA1F5A00E7C142 /* UIView+XBYExtension.m */,
				5761C6321EFA1F5A00E7C142 /* UIViewController+Debug.h */,
				5761C6331EFA1F5A00E7C142 /* UIViewController+Debug.m */,
				57AB81001F0E311400A471D7 /* UIButton+TitleBelowImage.h */,
				57AB81011F0E311400A471D7 /* UIButton+TitleBelowImage.m */,
			);
			path = Category;
			sourceTree = "<group>";
		};
		5761C60C1EFA0F2000E7C142 /* CustomView */ = {
			isa = PBXGroup;
			children = (
				57AB809C1F0B2B2100A471D7 /* BaseTabBar */,
			);
			path = CustomView;
			sourceTree = "<group>";
		};
		5761C60D1EFA0F6500E7C142 /* Attention */ = {
			isa = PBXGroup;
			children = (
				57AB807A1F0B294F00A471D7 /* Controller */,
				57AB807B1F0B294F00A471D7 /* Model */,
				57AB807C1F0B294F00A471D7 /* View */,
			);
			path = Attention;
			sourceTree = "<group>";
		};
		5761C60E1EFA0F6500E7C142 /* Essence */ = {
			isa = PBXGroup;
			children = (
				57AB807D1F0B295C00A471D7 /* Controller */,
				57AB807E1F0B295C00A471D7 /* Model */,
				57AB807F1F0B295C00A471D7 /* View */,
			);
			path = Essence;
			sourceTree = "<group>";
		};
		5761C60F1EFA0F6500E7C142 /* Main */ = {
			isa = PBXGroup;
			children = (
				57AB80771F0B292F00A471D7 /* Controller */,
				57AB80781F0B292F00A471D7 /* Model */,
				57AB80791F0B292F00A471D7 /* View */,
			);
			path = Main;
			sourceTree = "<group>";
		};
		5761C6101EFA0F6500E7C142 /* Mine */ = {
			isa = PBXGroup;
			children = (
				57AB80801F0B2A0600A471D7 /* Controller */,
				57AB80811F0B2A0600A471D7 /* Model */,
				57AB80821F0B2A0600A471D7 /* View */,
			);
			path = Mine;
			sourceTree = "<group>";
		};
		5761C6111EFA0F6500E7C142 /* Newpost */ = {
			isa = PBXGroup;
			children = (
				57AB80831F0B2A1100A471D7 /* Controller */,
				57AB80841F0B2A1100A471D7 /* Model */,
				57AB80851F0B2A1100A471D7 /* View */,
			);
			path = Newpost;
			sourceTree = "<group>";
		};
		5761C6121EFA0F6500E7C142 /* Other */ = {
			isa = PBXGroup;
			children = (
				57AB80861F0B2A2100A471D7 /* Controller */,
				57AB80871F0B2A2100A471D7 /* Model */,
				57AB80881F0B2A2100A471D7 /* View */,
			);
			path = Other;
			sourceTree = "<group>";
		};
		5761C6131EFA0F6500E7C142 /* Publish */ = {
			isa = PBXGroup;
			children = (
				57AB80891F0B2A2800A471D7 /* Controller */,
				57AB808A1F0B2A2800A471D7 /* Model */,
				57AB808B1F0B2A2800A471D7 /* View */,
			);
			path = Publish;
			sourceTree = "<group>";
		};
		5761C6141EFA0FD200E7C142 /* BaseWebViewController */ = {
			isa = PBXGroup;
			children = (
				5761C6151EFA118A00E7C142 /* BaseWebViewController.h */,
				5761C6161EFA118A00E7C142 /* BaseWebViewController.m */,
				5761C6181EFA119C00E7C142 /* BaseWKWebViewController.h */,
				5761C6191EFA119C00E7C142 /* BaseWKWebViewController.m */,
			);
			path = BaseWebViewController;
			sourceTree = "<group>";
		};
		5761C61B1EFA18DD00E7C142 /* Resources */ = {
			isa = PBXGroup;
			children = (
				57AB80751F0B28B400A471D7 /* Assets.xcassets */,
				5761C5E11EFA0D2400E7C142 /* Info.plist */,
				5761C61E1EFA1A1A00E7C142 /* PrefixHeader.pch */,
				5761C61F1EFA1E9600E7C142 /* CommonMacro.h */,
				5761C63E1EFA26EB00E7C142 /* XBYConst.h */,
				5761C63F1EFA26EB00E7C142 /* XBYConst.m */,
			);
			path = Resources;
			sourceTree = "<group>";
		};
		5761C61C1EFA19A600E7C142 /* Other */ = {
			isa = PBXGroup;
			children = (
				5761C5D91EFA0D2400E7C142 /* Main.storyboard */,
			);
			path = Other;
			sourceTree = "<group>";
		};
		578FE6421F1EEC1C00FAB234 /* Other */ = {
			isa = PBXGroup;
			children = (
				578FE6431F1EEC1C00FAB234 /* XBYSessionManager.h */,
				578FE6441F1EEC1C00FAB234 /* XBYSessionManager.m */,
			);
			path = Other;
			sourceTree = "<group>";
		};
		578FE6461F1EF62E00FAB234 /* IQKeyBoardManager */ = {
			isa = PBXGroup;
			children = (
				578FE6471F1EF62E00FAB234 /* Categories */,
				578FE6541F1EF62E00FAB234 /* Constants */,
				578FE6571F1EF62E00FAB234 /* IQKeyboardManager.h */,
				578FE6581F1EF62E00FAB234 /* IQKeyboardManager.m */,
				578FE6591F1EF62E00FAB234 /* IQKeyboardReturnKeyHandler.h */,
				578FE65A1F1EF62E00FAB234 /* IQKeyboardReturnKeyHandler.m */,
				578FE65B1F1EF62E00FAB234 /* IQTextView */,
				578FE65E1F1EF62E00FAB234 /* IQToolbar */,
				578FE6671F1EF62E00FAB234 /* KeyboardManager.h */,
				578FE6681F1EF62E00FAB234 /* Resources */,
			);
			path = IQKeyBoardManager;
			sourceTree = "<group>";
		};
		578FE6471F1EF62E00FAB234 /* Categories */ = {
			isa = PBXGroup;
			children = (
				578FE6481F1EF62E00FAB234 /* IQNSArray+Sort.h */,
				578FE6491F1EF62E00FAB234 /* IQNSArray+Sort.m */,
				578FE64A1F1EF62E00FAB234 /* IQUIScrollView+Additions.h */,
				578FE64B1F1EF62E00FAB234 /* IQUIScrollView+Additions.m */,
				578FE64C1F1EF62E00FAB234 /* IQUITextFieldView+Additions.h */,
				578FE64D1F1EF62E00FAB234 /* IQUITextFieldView+Additions.m */,
				578FE64E1F1EF62E00FAB234 /* IQUIView+Hierarchy.h */,
				578FE64F1F1EF62E00FAB234 /* IQUIView+Hierarchy.m */,
				578FE6501F1EF62E00FAB234 /* IQUIViewController+Additions.h */,
				578FE6511F1EF62E00FAB234 /* IQUIViewController+Additions.m */,
				578FE6521F1EF62E00FAB234 /* IQUIWindow+Hierarchy.h */,
				578FE6531F1EF62E00FAB234 /* IQUIWindow+Hierarchy.m */,
			);
			path = Categories;
			sourceTree = "<group>";
		};
		578FE6541F1EF62E00FAB234 /* Constants */ = {
			isa = PBXGroup;
			children = (
				578FE6551F1EF62E00FAB234 /* IQKeyboardManagerConstants.h */,
				578FE6561F1EF62E00FAB234 /* IQKeyboardManagerConstantsInternal.h */,
			);
			path = Constants;
			sourceTree = "<group>";
		};
		578FE65B1F1EF62E00FAB234 /* IQTextView */ = {
			isa = PBXGroup;
			children = (
				578FE65C1F1EF62E00FAB234 /* IQTextView.h */,
				578FE65D1F1EF62E00FAB234 /* IQTextView.m */,
			);
			path = IQTextView;
			sourceTree = "<group>";
		};
		578FE65E1F1EF62E00FAB234 /* IQToolbar */ = {
			isa = PBXGroup;
			children = (
				578FE65F1F1EF62E00FAB234 /* IQBarButtonItem.h */,
				578FE6601F1EF62E00FAB234 /* IQBarButtonItem.m */,
				578FE6611F1EF62E00FAB234 /* IQTitleBarButtonItem.h */,
				578FE6621F1EF62E00FAB234 /* IQTitleBarButtonItem.m */,
				578FE6631F1EF62E00FAB234 /* IQToolbar.h */,
				578FE6641F1EF62E00FAB234 /* IQToolbar.m */,
				578FE6651F1EF62E00FAB234 /* IQUIView+IQKeyboardToolbar.h */,
				578FE6661F1EF62E00FAB234 /* IQUIView+IQKeyboardToolbar.m */,
			);
			path = IQToolbar;
			sourceTree = "<group>";
		};
		578FE6681F1EF62E00FAB234 /* Resources */ = {
			isa = PBXGroup;
			children = (
				578FE6691F1EF62E00FAB234 /* IQKeyboardManager.bundle */,
			);
			path = Resources;
			sourceTree = "<group>";
		};
		578FE66A1F1EF62E00FAB234 /* JCRBlurView */ = {
			isa = PBXGroup;
			children = (
				578FE66B1F1EF62E00FAB234 /* JCRBlurView.h */,
				578FE66C1F1EF62E00FAB234 /* JCRBlurView.m */,
			);
			path = JCRBlurView;
			sourceTree = "<group>";
		};
		578FE66D1F1EF62E00FAB234 /* KMCGeigerCounter */ = {
			isa = PBXGroup;
			children = (
			);
			path = KMCGeigerCounter;
			sourceTree = "<group>";
		};
		578FE66E1F1EF62E00FAB234 /* UITableView+FDTemplateLayoutCell */ = {
			isa = PBXGroup;
			children = (
				578FE66F1F1EF62E00FAB234 /* UITableView+FDIndexPathHeightCache.h */,
				578FE6701F1EF62E00FAB234 /* UITableView+FDIndexPathHeightCache.m */,
				578FE6711F1EF62E00FAB234 /* UITableView+FDKeyedHeightCache.h */,
				578FE6721F1EF62E00FAB234 /* UITableView+FDKeyedHeightCache.m */,
				578FE6731F1EF62E00FAB234 /* UITableView+FDTemplateLayoutCell.h */,
				578FE6741F1EF62E00FAB234 /* UITableView+FDTemplateLayoutCell.m */,
				578FE6751F1EF62E00FAB234 /* UITableView+FDTemplateLayoutCellDebug.h */,
				578FE6761F1EF62E00FAB234 /* UITableView+FDTemplateLayoutCellDebug.m */,
			);
			path = "UITableView+FDTemplateLayoutCell";
			sourceTree = "<group>";
		};
		57AB80711F0B285500A471D7 /* BaseTabbarController */ = {
			isa = PBXGroup;
			children = (
				57AB80721F0B288300A471D7 /* XBYBaseTabBarController.h */,
				57AB80731F0B288300A471D7 /* XBYBaseTabBarController.m */,
			);
			path = BaseTabbarController;
			sourceTree = "<group>";
		};
		57AB80771F0B292F00A471D7 /* Controller */ = {
			isa = PBXGroup;
			children = (
			);
			path = Controller;
			sourceTree = "<group>";
		};
		57AB80781F0B292F00A471D7 /* Model */ = {
			isa = PBXGroup;
			children = (
				578154261F15C38300050B06 /* XBYTimeTool.h */,
				578154271F15C38300050B06 /* XBYTimeTool.m */,
			);
			path = Model;
			sourceTree = "<group>";
		};
		57AB80791F0B292F00A471D7 /* View */ = {
			isa = PBXGroup;
			children = (
				578FE6341F1EE06800FAB234 /* XBYRefreshHeard.h */,
				578FE6351F1EE06800FAB234 /* XBYRefreshHeard.m */,
				578FE6371F1EE24B00FAB234 /* XBYRefreshFooter.h */,
				578FE6381F1EE24B00FAB234 /* XBYRefreshFooter.m */,
			);
			path = View;
			sourceTree = "<group>";
		};
		57AB807A1F0B294F00A471D7 /* Controller */ = {
			isa = PBXGroup;
			children = (
				57AB80961F0B2AE700A471D7 /* XBYAttentionViewController.h */,
				57AB80971F0B2AE700A471D7 /* XBYAttentionViewController.m */,
				57AB80E81F0DBE3300A471D7 /* XBYShouldRecommendViewController.h */,
				57AB80E91F0DBE3300A471D7 /* XBYShouldRecommendViewController.m */,
			);
			path = Controller;
			sourceTree = "<group>";
		};
		57AB807B1F0B294F00A471D7 /* Model */ = {
			isa = PBXGroup;
			children = (
			);
			path = Model;
			sourceTree = "<group>";
		};
		57AB807C1F0B294F00A471D7 /* View */ = {
			isa = PBXGroup;
			children = (
			);
			path = View;
			sourceTree = "<group>";
		};
		57AB807D1F0B295C00A471D7 /* Controller */ = {
			isa = PBXGroup;
			children = (
				57AB80901F0B2AB000A471D7 /* XBYEssenceViewController.h */,
				57AB80911F0B2AB000A471D7 /* XBYEssenceViewController.m */,
				57AB80B11F0C726300A471D7 /* XBYTopicViewController.h */,
				57AB80B21F0C726300A471D7 /* XBYTopicViewController.m */,
				57AB80B41F0C734200A471D7 /* XBYAllViewController.h */,
				57AB80B51F0C734200A471D7 /* XBYAllViewController.m */,
				57AB80B71F0C736700A471D7 /* XBYVideoViewController.h */,
				57AB80B81F0C736700A471D7 /* XBYVideoViewController.m */,
				57AB80BA1F0C737200A471D7 /* XBYVoiceViewController.h */,
				57AB80BB1F0C737200A471D7 /* XBYVoiceViewController.m */,
				57AB80BD1F0C738300A471D7 /* XBYPictureViewController.h */,
				57AB80BE1F0C738300A471D7 /* XBYPictureViewController.m */,
				57AB80C01F0C739000A471D7 /* XBYWordViewController.h */,
				57AB80C11F0C739000A471D7 /* XBYWordViewController.m */,
				57AB80C31F0C739F00A471D7 /* XBYSeeBigPictureViewController.h */,
				57AB80C41F0C739F00A471D7 /* XBYSeeBigPictureViewController.m */,
			);
			path = Controller;
			sourceTree = "<group>";
		};
		57AB807E1F0B295C00A471D7 /* Model */ = {
			isa = PBXGroup;
			children = (
				57AB80C91F0C759300A471D7 /* XBYTopic.h */,
				57AB80CA1F0C759300A471D7 /* XBYTopic.m */,
				57AB80CC1F0C75A300A471D7 /* XBYComment.h */,
				57AB80CD1F0C75A300A471D7 /* XBYComment.m */,
				57AB80CF1F0C75AD00A471D7 /* XBYUser.h */,
				57AB80D01F0C75AD00A471D7 /* XBYUser.m */,
			);
			path = Model;
			sourceTree = "<group>";
		};
		57AB807F1F0B295C00A471D7 /* View */ = {
			isa = PBXGroup;
			children = (
				57AB80D21F0C75BC00A471D7 /* XBYTitleButton.h */,
				57AB80D31F0C75BC00A471D7 /* XBYTitleButton.m */,
				57AB80D51F0C75D000A471D7 /* XBYTopicCell.h */,
				57AB80D61F0C75D000A471D7 /* XBYTopicCell.m */,
				57AB80D81F0C761000A471D7 /* XBYTopicVideo.h */,
				57AB80D91F0C761000A471D7 /* XBYTopicVideo.m */,
				57AB80DB1F0C761D00A471D7 /* XBYTopicVoice.h */,
				57AB80DC1F0C761D00A471D7 /* XBYTopicVoice.m */,
				57AB80DE1F0C762A00A471D7 /* XBYTopicImage.h */,
				57AB80DF1F0C762A00A471D7 /* XBYTopicImage.m */,
			);
			path = View;
			sourceTree = "<group>";
		};
		57AB80801F0B2A0600A471D7 /* Controller */ = {
			isa = PBXGroup;
			children = (
				57AB80991F0B2B0800A471D7 /* XBYMineViewController.h */,
				57AB809A1F0B2B0800A471D7 /* XBYMineViewController.m */,
			);
			path = Controller;
			sourceTree = "<group>";
		};
		57AB80811F0B2A0600A471D7 /* Model */ = {
			isa = PBXGroup;
			children = (
			);
			path = Model;
			sourceTree = "<group>";
		};
		57AB80821F0B2A0600A471D7 /* View */ = {
			isa = PBXGroup;
			children = (
			);
			path = View;
			sourceTree = "<group>";
		};
		57AB80831F0B2A1100A471D7 /* Controller */ = {
			isa = PBXGroup;
			children = (
				57AB80931F0B2AD100A471D7 /* XBYNewpostViewController.h */,
				57AB80941F0B2AD100A471D7 /* XBYNewpostViewController.m */,
			);
			path = Controller;
			sourceTree = "<group>";
		};
		57AB80841F0B2A1100A471D7 /* Model */ = {
			isa = PBXGroup;
			children = (
			);
			path = Model;
			sourceTree = "<group>";
		};
		57AB80851F0B2A1100A471D7 /* View */ = {
			isa = PBXGroup;
			children = (
			);
			path = View;
			sourceTree = "<group>";
		};
		57AB80861F0B2A2100A471D7 /* Controller */ = {
			isa = PBXGroup;
			children = (
				57AB80A01F0B76D200A471D7 /* XBYAdVertisementViewController.h */,
				57AB80A11F0B76D200A471D7 /* XBYAdVertisementViewController.m */,
				57AB80C61F0C744800A471D7 /* XBYRecommendViewController.h */,
				57AB80C71F0C744800A471D7 /* XBYRecommendViewController.m */,
				57AB80EB1F0DC20700A471D7 /* XBYLoginAndRegisterViewController.h */,
				57AB80EC1F0DC20700A471D7 /* XBYLoginAndRegisterViewController.m */,
				578FE6311F1EE00F00FAB234 /* XBYCommentViewController.h */,
				578FE6321F1EE00F00FAB234 /* XBYCommentViewController.m */,
			);
			path = Controller;
			sourceTree = "<group>";
		};
		57AB80871F0B2A2100A471D7 /* Model */ = {
			isa = PBXGroup;
			children = (
				57AB80A31F0B79CA00A471D7 /* XBYAdmodel.h */,
				57AB80A41F0B79CA00A471D7 /* XBYAdmodel.m */,
				57AB81061F0F7C4600A471D7 /* XBYRecommendModel.h */,
				57AB81071F0F7C4600A471D7 /* XBYRecommendModel.m */,
			);
			path = Model;
			sourceTree = "<group>";
		};
		57AB80881F0B2A2100A471D7 /* View */ = {
			isa = PBXGroup;
			children = (
				57AB80FA1F0E1E7D00A471D7 /* XBYLoginInputView.h */,
				57AB80FB1F0E1E7D00A471D7 /* XBYLoginInputView.m */,
				57AB80FD1F0E1E8C00A471D7 /* XBYRegisterInputView.h */,
				57AB80FE1F0E1E8C00A471D7 /* XBYRegisterInputView.m */,
				57AB81031F0E349400A471D7 /* XBYQuicklyLoginView.h */,
				57AB81041F0E349400A471D7 /* XBYQuicklyLoginView.m */,
				57AB81091F0F7CD000A471D7 /* XBYRecommendTableViewCell.h */,
				57AB810A1F0F7CD000A471D7 /* XBYRecommendTableViewCell.m */,
			);
			path = View;
			sourceTree = "<group>";
		};
		57AB80891F0B2A2800A471D7 /* Controller */ = {
			isa = PBXGroup;
			children = (
				57AB80AE1F0B958300A471D7 /* XBYPublishViewController.h */,
				57AB80AF1F0B958300A471D7 /* XBYPublishViewController.m */,
			);
			path = Controller;
			sourceTree = "<group>";
		};
		57AB808A1F0B2A2800A471D7 /* Model */ = {
			isa = PBXGroup;
			children = (
			);
			path = Model;
			sourceTree = "<group>";
		};
		57AB808B1F0B2A2800A471D7 /* View */ = {
			isa = PBXGroup;
			children = (
			);
			path = View;
			sourceTree = "<group>";
		};
		57AB808C1F0B2A5300A471D7 /* BaseNavigationController */ = {
			isa = PBXGroup;
			children = (
				57AB808D1F0B2A7D00A471D7 /* XBYBaseNavigationController.h */,
				57AB808E1F0B2A7D00A471D7 /* XBYBaseNavigationController.m */,
			);
			path = BaseNavigationController;
			sourceTree = "<group>";
		};
		57AB809C1F0B2B2100A471D7 /* BaseTabBar */ = {
			isa = PBXGroup;
			children = (
				57AB809D1F0B2B3D00A471D7 /* BaseTabBar.h */,
				57AB809E1F0B2B3D00A471D7 /* BaseTabBar.m */,
			);
			path = BaseTabBar;
			sourceTree = "<group>";
		};
		57AB80AA1F0B94B400A471D7 /* BaseViewController */ = {
			isa = PBXGroup;
			children = (
				57AB80AB1F0B94C800A471D7 /* XBYBaseViewController.h */,
				57AB80AC1F0B94C800A471D7 /* XBYBaseViewController.m */,
			);
			path = BaseViewController;
			sourceTree = "<group>";
		};
/* End PBXGroup section */

/* Begin PBXNativeTarget section */
		5761C5CC1EFA0D2400E7C142 /* BuDeJie */ = {
			isa = PBXNativeTarget;
			buildConfigurationList = 5761C5FA1EFA0D2400E7C142 /* Build configuration list for PBXNativeTarget "BuDeJie" */;
			buildPhases = (
				F1DAD0753048F5486274D05A /* [CP] Check Pods Manifest.lock */,
				5761C5C91EFA0D2400E7C142 /* Sources */,
				5761C5CA1EFA0D2400E7C142 /* Frameworks */,
				5761C5CB1EFA0D2400E7C142 /* Resources */,
				8BFD927DDFA57690B167E3F3 /* [CP] Embed Pods Frameworks */,
				079FA58D05E3184928CAB41D /* [CP] Copy Pods Resources */,
			);
			buildRules = (
			);
			dependencies = (
			);
			name = BuDeJie;
			productName = BuDeJie;
			productReference = 5761C5CD1EFA0D2400E7C142 /* BuDeJie.app */;
			productType = "com.apple.product-type.application";
		};
		5761C5E51EFA0D2400E7C142 /* BuDeJieTests */ = {
			isa = PBXNativeTarget;
			buildConfigurationList = 5761C5FD1EFA0D2400E7C142 /* Build configuration list for PBXNativeTarget "BuDeJieTests" */;
			buildPhases = (
				5761C5E21EFA0D2400E7C142 /* Sources */,
				5761C5E31EFA0D2400E7C142 /* Frameworks */,
				5761C5E41EFA0D2400E7C142 /* Resources */,
			);
			buildRules = (
			);
			dependencies = (
				5761C5E81EFA0D2400E7C142 /* PBXTargetDependency */,
			);
			name = BuDeJieTests;
			productName = BuDeJieTests;
			productReference = 5761C5E61EFA0D2400E7C142 /* BuDeJieTests.xctest */;
			productType = "com.apple.product-type.bundle.unit-test";
		};
		5761C5F01EFA0D2400E7C142 /* BuDeJieUITests */ = {
			isa = PBXNativeTarget;
			buildConfigurationList = 5761C6001EFA0D2400E7C142 /* Build configuration list for PBXNativeTarget "BuDeJieUITests" */;
			buildPhases = (
				5761C5ED1EFA0D2400E7C142 /* Sources */,
				5761C5EE1EFA0D2400E7C142 /* Frameworks */,
				5761C5EF1EFA0D2400E7C142 /* Resources */,
			);
			buildRules = (
			);
			dependencies = (
				5761C5F31EFA0D2400E7C142 /* PBXTargetDependency */,
			);
			name = BuDeJieUITests;
			productName = BuDeJieUITests;
			productReference = 5761C5F11EFA0D2400E7C142 /* BuDeJieUITests.xctest */;
			productType = "com.apple.product-type.bundle.ui-testing";
		};
/* End PBXNativeTarget section */

/* Begin PBXProject section */
		5761C5C51EFA0D2400E7C142 /* Project object */ = {
			isa = PBXProject;
			attributes = {
				CLASSPREFIX = XBY;
				LastUpgradeCheck = 0830;
				ORGANIZATIONNAME = xby;
				TargetAttributes = {
					5761C5CC1EFA0D2400E7C142 = {
						CreatedOnToolsVersion = 8.3.3;
						ProvisioningStyle = Automatic;
					};
					5761C5E51EFA0D2400E7C142 = {
						CreatedOnToolsVersion = 8.3.3;
						ProvisioningStyle = Automatic;
						TestTargetID = 5761C5CC1EFA0D2400E7C142;
					};
					5761C5F01EFA0D2400E7C142 = {
						CreatedOnToolsVersion = 8.3.3;
						ProvisioningStyle = Automatic;
						TestTargetID = 5761C5CC1EFA0D2400E7C142;
					};
				};
			};
			buildConfigurationList = 5761C5C81EFA0D2400E7C142 /* Build configuration list for PBXProject "BuDeJie" */;
			compatibilityVersion = "Xcode 3.2";
			developmentRegion = English;
			hasScannedForEncodings = 0;
			knownRegions = (
				en,
				Base,
			);
			mainGroup = 5761C5C41EFA0D2400E7C142;
			productRefGroup = 5761C5CE1EFA0D2400E7C142 /* Products */;
			projectDirPath = "";
			projectRoot = "";
			targets = (
				5761C5CC1EFA0D2400E7C142 /* BuDeJie */,
				5761C5E51EFA0D2400E7C142 /* BuDeJieTests */,
				5761C5F01EFA0D2400E7C142 /* BuDeJieUITests */,
			);
		};
/* End PBXProject section */

/* Begin PBXResourcesBuildPhase section */
		5761C5CB1EFA0D2400E7C142 /* Resources */ = {
			isa = PBXResourcesBuildPhase;
			buildActionMask = 2147483647;
			files = (
				57AB80761F0B28B400A471D7 /* Assets.xcassets in Resources */,
				5761C5DB1EFA0D2400E7C142 /* Main.storyboard in Resources */,
				578FE6841F1EF62E00FAB234 /* IQKeyboardManager.bundle in Resources */,
			);
			runOnlyForDeploymentPostprocessing = 0;
		};
		5761C5E41EFA0D2400E7C142 /* Resources */ = {
			isa = PBXResourcesBuildPhase;
			buildActionMask = 2147483647;
			files = (
			);
			runOnlyForDeploymentPostprocessing = 0;
		};
		5761C5EF1EFA0D2400E7C142 /* Resources */ = {
			isa = PBXResourcesBuildPhase;
			buildActionMask = 2147483647;
			files = (
			);
			runOnlyForDeploymentPostprocessing = 0;
		};
/* End PBXResourcesBuildPhase section */

/* Begin PBXShellScriptBuildPhase section */
		079FA58D05E3184928CAB41D /* [CP] Copy Pods Resources */ = {
			isa = PBXShellScriptBuildPhase;
			buildActionMask = 2147483647;
			files = (
			);
			inputPaths = (
			);
			name = "[CP] Copy Pods Resources";
			outputPaths = (
			);
			runOnlyForDeploymentPostprocessing = 0;
			shellPath = /bin/sh;
			shellScript = "\"${SRCROOT}/Pods/Target Support Files/Pods-BuDeJie/Pods-BuDeJie-resources.sh\"\n";
			showEnvVarsInLog = 0;
		};
		8BFD927DDFA57690B167E3F3 /* [CP] Embed Pods Frameworks */ = {
			isa = PBXShellScriptBuildPhase;
			buildActionMask = 2147483647;
			files = (
			);
			inputPaths = (
			);
			name = "[CP] Embed Pods Frameworks";
			outputPaths = (
			);
			runOnlyForDeploymentPostprocessing = 0;
			shellPath = /bin/sh;
			shellScript = "\"${SRCROOT}/Pods/Target Support Files/Pods-BuDeJie/Pods-BuDeJie-frameworks.sh\"\n";
			showEnvVarsInLog = 0;
		};
		F1DAD0753048F5486274D05A /* [CP] Check Pods Manifest.lock */ = {
			isa = PBXShellScriptBuildPhase;
			buildActionMask = 2147483647;
			files = (
			);
			inputPaths = (
			);
			name = "[CP] Check Pods Manifest.lock";
			outputPaths = (
			);
			runOnlyForDeploymentPostprocessing = 0;
			shellPath = /bin/sh;
			shellScript = "diff \"${PODS_ROOT}/../Podfile.lock\" \"${PODS_ROOT}/Manifest.lock\" > /dev/null\nif [[ $? != 0 ]] ; then\n    cat << EOM\nerror: The sandbox is not in sync with the Podfile.lock. Run 'pod install' or update your CocoaPods installation.\nEOM\n    exit 1\nfi\n";
			showEnvVarsInLog = 0;
		};
/* End PBXShellScriptBuildPhase section */

/* Begin PBXSourcesBuildPhase section */
		5761C5C91EFA0D2400E7C142 /* Sources */ = {
			isa = PBXSourcesBuildPhase;
			buildActionMask = 2147483647;
			files = (
				57AB80FC1F0E1E7D00A471D7 /* XBYLoginInputView.m in Sources */,
				578FE67F1F1EF62E00FAB234 /* IQTextView.m in Sources */,
				57AB80C21F0C739000A471D7 /* XBYWordViewController.m in Sources */,
				57AB80AD1F0B94C800A471D7 /* XBYBaseViewController.m in Sources */,
				5761C63B1EFA1F5A00E7C142 /* UITextField+XBYExtension.m in Sources */,
				57AB80A21F0B76D200A471D7 /* XBYAdVertisementViewController.m in Sources */,
				57AB809B1F0B2B0800A471D7 /* XBYMineViewController.m in Sources */,
				57AB80921F0B2AB000A471D7 /* XBYEssenceViewController.m in Sources */,
				57AB80EA1F0DBE3300A471D7 /* XBYShouldRecommendViewController.m in Sources */,
				578FE6881F1EF62E00FAB234 /* UITableView+FDTemplateLayoutCell.m in Sources */,
				578FE67D1F1EF62E00FAB234 /* IQKeyboardManager.m in Sources */,
				57AB810B1F0F7CD000A471D7 /* XBYRecommendTableViewCell.m in Sources */,
				57AB81081F0F7C4600A471D7 /* XBYRecommendModel.m in Sources */,
				57AB808F1F0B2A7D00A471D7 /* XBYBaseNavigationController.m in Sources */,
				57AB81051F0E349400A471D7 /* XBYQuicklyLoginView.m in Sources */,
				5761C61A1EFA119C00E7C142 /* BaseWKWebViewController.m in Sources */,
				57AB80D71F0C75D000A471D7 /* XBYTopicCell.m in Sources */,
				57AB80DD1F0C761D00A471D7 /* XBYTopicVoice.m in Sources */,
				57AB80D41F0C75BC00A471D7 /* XBYTitleButton.m in Sources */,
				57AB80741F0B288300A471D7 /* XBYBaseTabBarController.m in Sources */,
				578FE67A1F1EF62E00FAB234 /* IQUIView+Hierarchy.m in Sources */,
				57AB80ED1F0DC20700A471D7 /* XBYLoginAndRegisterViewController.m in Sources */,
				57AB80DA1F0C761000A471D7 /* XBYTopicVideo.m in Sources */,
				57AB80B01F0B958300A471D7 /* XBYPublishViewController.m in Sources */,
				578FE67E1F1EF62E00FAB234 /* IQKeyboardReturnKeyHandler.m in Sources */,
				5761C6401EFA26EB00E7C142 /* XBYConst.m in Sources */,
				57AB80A51F0B79CA00A471D7 /* XBYAdmodel.m in Sources */,
				578154281F15C38300050B06 /* XBYTimeTool.m in Sources */,
				578FE6871F1EF62E00FAB234 /* UITableView+FDKeyedHeightCache.m in Sources */,
				57AB80B31F0C726300A471D7 /* XBYTopicViewController.m in Sources */,
				578FE6771F1EF62E00FAB234 /* IQNSArray+Sort.m in Sources */,
				57AB80CE1F0C75A300A471D7 /* XBYComment.m in Sources */,
				57AB80B61F0C734200A471D7 /* XBYAllViewController.m in Sources */,
				578FE6831F1EF62E00FAB234 /* IQUIView+IQKeyboardToolbar.m in Sources */,
				578FE6811F1EF62E00FAB234 /* IQTitleBarButtonItem.m in Sources */,
				57AB80BC1F0C737200A471D7 /* XBYVoiceViewController.m in Sources */,
				578FE6781F1EF62E00FAB234 /* IQUIScrollView+Additions.m in Sources */,
				57AB80C81F0C744800A471D7 /* XBYRecommendViewController.m in Sources */,
				578FE6821F1EF62E00FAB234 /* IQToolbar.m in Sources */,
				578FE6791F1EF62E00FAB234 /* IQUITextFieldView+Additions.m in Sources */,
				578FE6361F1EE06800FAB234 /* XBYRefreshHeard.m in Sources */,
				5761C5D21EFA0D2400E7C142 /* main.m in Sources */,
				578FE6891F1EF62E00FAB234 /* UITableView+FDTemplateLayoutCellDebug.m in Sources */,
				57AB809F1F0B2B3D00A471D7 /* BaseTabBar.m in Sources */,
				57AB80981F0B2AE700A471D7 /* XBYAttentionViewController.m in Sources */,
				5761C6351EFA1F5A00E7C142 /* NSDate+Extension.m in Sources */,
				578FE6861F1EF62E00FAB234 /* UITableView+FDIndexPathHeightCache.m in Sources */,
				5761C63D1EFA1F5A00E7C142 /* UIViewController+Debug.m in Sources */,
				57AB80B91F0C736700A471D7 /* XBYVideoViewController.m in Sources */,
				57AB81021F0E311400A471D7 /* UIButton+TitleBelowImage.m in Sources */,
				5761C6171EFA118A00E7C142 /* BaseWebViewController.m in Sources */,
				5761C63C1EFA1F5A00E7C142 /* UIView+XBYExtension.m in Sources */,
				57AB80BF1F0C738300A471D7 /* XBYPictureViewController.m in Sources */,
				578FE6801F1EF62E00FAB234 /* IQBarButtonItem.m in Sources */,
				57AB80951F0B2AD100A471D7 /* XBYNewpostViewController.m in Sources */,
				5761C6341EFA1F5A00E7C142 /* NSCalendar+Extension.m in Sources */,
				5761C6361EFA1F5A00E7C142 /* NSString+DateExtension.m in Sources */,
				578FE67B1F1EF62E00FAB234 /* IQUIViewController+Additions.m in Sources */,
				578FE6451F1EEC1C00FAB234 /* XBYSessionManager.m in Sources */,
				5761C6381EFA1F5A00E7C142 /* UIBarButtonItem+XBYExtension.m in Sources */,
				578FE6851F1EF62E00FAB234 /* JCRBlurView.m in Sources */,
				578FE6331F1EE00F00FAB234 /* XBYCommentViewController.m in Sources */,
				57AB80C51F0C739F00A471D7 /* XBYSeeBigPictureViewController.m in Sources */,
				57AB80CB1F0C759300A471D7 /* XBYTopic.m in Sources */,
				5761C63A1EFA1F5A00E7C142 /* UIImageView+Extension.m in Sources */,
				578FE67C1F1EF62E00FAB234 /* IQUIWindow+Hierarchy.m in Sources */,
				57AB80FF1F0E1E8C00A471D7 /* XBYRegisterInputView.m in Sources */,
				578FE6391F1EE24B00FAB234 /* XBYRefreshFooter.m in Sources */,
				5761C6391EFA1F5A00E7C142 /* UIImage+EXtension.m in Sources */,
				5761C6371EFA1F5A00E7C142 /* NSString+XBYExtension.m in Sources */,
				57AB80E01F0C762A00A471D7 /* XBYTopicImage.m in Sources */,
				5761C6091EFA0EF900E7C142 /* AppDelegate.m in Sources */,
				57AB80D11F0C75AD00A471D7 /* XBYUser.m in Sources */,
			);
			runOnlyForDeploymentPostprocessing = 0;
		};
		5761C5E21EFA0D2400E7C142 /* Sources */ = {
			isa = PBXSourcesBuildPhase;
			buildActionMask = 2147483647;
			files = (
				5761C5EB1EFA0D2400E7C142 /* BuDeJieTests.m in Sources */,
			);
			runOnlyForDeploymentPostprocessing = 0;
		};
		5761C5ED1EFA0D2400E7C142 /* Sources */ = {
			isa = PBXSourcesBuildPhase;
			buildActionMask = 2147483647;
			files = (
				5761C5F61EFA0D2400E7C142 /* BuDeJieUITests.m in Sources */,
			);
			runOnlyForDeploymentPostprocessing = 0;
		};
/* End PBXSourcesBuildPhase section */

/* Begin PBXTargetDependency section */
		5761C5E81EFA0D2400E7C142 /* PBXTargetDependency */ = {
			isa = PBXTargetDependency;
			target = 5761C5CC1EFA0D2400E7C142 /* BuDeJie */;
			targetProxy = 5761C5E71EFA0D2400E7C142 /* PBXContainerItemProxy */;
		};
		5761C5F31EFA0D2400E7C142 /* PBXTargetDependency */ = {
			isa = PBXTargetDependency;
			target = 5761C5CC1EFA0D2400E7C142 /* BuDeJie */;
			targetProxy = 5761C5F21EFA0D2400E7C142 /* PBXContainerItemProxy */;
		};
/* End PBXTargetDependency section */

/* Begin PBXVariantGroup section */
		5761C5D91EFA0D2400E7C142 /* Main.storyboard */ = {
			isa = PBXVariantGroup;
			children = (
				5761C5DA1EFA0D2400E7C142 /* Base */,
			);
			name = Main.storyboard;
			path = ..;
			sourceTree = "<group>";
		};
/* End PBXVariantGroup section */

/* Begin XCBuildConfiguration section */
		5761C5F81EFA0D2400E7C142 /* Debug */ = {
			isa = XCBuildConfiguration;
			buildSettings = {
				ALWAYS_SEARCH_USER_PATHS = NO;
				CLANG_ANALYZER_NONNULL = YES;
				CLANG_ANALYZER_NUMBER_OBJECT_CONVERSION = YES_AGGRESSIVE;
				CLANG_CXX_LANGUAGE_STANDARD = "gnu++0x";
				CLANG_CXX_LIBRARY = "libc++";
				CLANG_ENABLE_MODULES = YES;
				CLANG_ENABLE_OBJC_ARC = YES;
				CLANG_WARN_BOOL_CONVERSION = YES;
				CLANG_WARN_CONSTANT_CONVERSION = YES;
				CLANG_WARN_DIRECT_OBJC_ISA_USAGE = YES_ERROR;
				CLANG_WARN_DOCUMENTATION_COMMENTS = YES;
				CLANG_WARN_EMPTY_BODY = YES;
				CLANG_WARN_ENUM_CONVERSION = YES;
				CLANG_WARN_INFINITE_RECURSION = YES;
				CLANG_WARN_INT_CONVERSION = YES;
				CLANG_WARN_OBJC_ROOT_CLASS = YES_ERROR;
				CLANG_WARN_SUSPICIOUS_MOVE = YES;
				CLANG_WARN_UNREACHABLE_CODE = YES;
				CLANG_WARN__DUPLICATE_METHOD_MATCH = YES;
				"CODE_SIGN_IDENTITY[sdk=iphoneos*]" = "iPhone Developer";
				COPY_PHASE_STRIP = NO;
				DEBUG_INFORMATION_FORMAT = dwarf;
				ENABLE_STRICT_OBJC_MSGSEND = YES;
				ENABLE_TESTABILITY = YES;
				GCC_C_LANGUAGE_STANDARD = gnu99;
				GCC_DYNAMIC_NO_PIC = NO;
				GCC_NO_COMMON_BLOCKS = YES;
				GCC_OPTIMIZATION_LEVEL = 0;
				GCC_PREPROCESSOR_DEFINITIONS = (
					"DEBUG=1",
					"$(inherited)",
				);
				GCC_WARN_64_TO_32_BIT_CONVERSION = YES;
				GCC_WARN_ABOUT_RETURN_TYPE = YES_ERROR;
				GCC_WARN_UNDECLARED_SELECTOR = YES;
				GCC_WARN_UNINITIALIZED_AUTOS = YES_AGGRESSIVE;
				GCC_WARN_UNUSED_FUNCTION = YES;
				GCC_WARN_UNUSED_VARIABLE = YES;
				IPHONEOS_DEPLOYMENT_TARGET = 10.3;
				MTL_ENABLE_DEBUG_INFO = YES;
				ONLY_ACTIVE_ARCH = YES;
				SDKROOT = iphoneos;
			};
			name = Debug;
		};
		5761C5F91EFA0D2400E7C142 /* Release */ = {
			isa = XCBuildConfiguration;
			buildSettings = {
				ALWAYS_SEARCH_USER_PATHS = NO;
				CLANG_ANALYZER_NONNULL = YES;
				CLANG_ANALYZER_NUMBER_OBJECT_CONVERSION = YES_AGGRESSIVE;
				CLANG_CXX_LANGUAGE_STANDARD = "gnu++0x";
				CLANG_CXX_LIBRARY = "libc++";
				CLANG_ENABLE_MODULES = YES;
				CLANG_ENABLE_OBJC_ARC = YES;
				CLANG_WARN_BOOL_CONVERSION = YES;
				CLANG_WARN_CONSTANT_CONVERSION = YES;
				CLANG_WARN_DIRECT_OBJC_ISA_USAGE = YES_ERROR;
				CLANG_WARN_DOCUMENTATION_COMMENTS = YES;
				CLANG_WARN_EMPTY_BODY = YES;
				CLANG_WARN_ENUM_CONVERSION = YES;
				CLANG_WARN_INFINITE_RECURSION = YES;
				CLANG_WARN_INT_CONVERSION = YES;
				CLANG_WARN_OBJC_ROOT_CLASS = YES_ERROR;
				CLANG_WARN_SUSPICIOUS_MOVE = YES;
				CLANG_WARN_UNREACHABLE_CODE = YES;
				CLANG_WARN__DUPLICATE_METHOD_MATCH = YES;
				"CODE_SIGN_IDENTITY[sdk=iphoneos*]" = "iPhone Developer";
				COPY_PHASE_STRIP = NO;
				DEBUG_INFORMATION_FORMAT = "dwarf-with-dsym";
				ENABLE_NS_ASSERTIONS = NO;
				ENABLE_STRICT_OBJC_MSGSEND = YES;
				GCC_C_LANGUAGE_STANDARD = gnu99;
				GCC_NO_COMMON_BLOCKS = YES;
				GCC_WARN_64_TO_32_BIT_CONVERSION = YES;
				GCC_WARN_ABOUT_RETURN_TYPE = YES_ERROR;
				GCC_WARN_UNDECLARED_SELECTOR = YES;
				GCC_WARN_UNINITIALIZED_AUTOS = YES_AGGRESSIVE;
				GCC_WARN_UNUSED_FUNCTION = YES;
				GCC_WARN_UNUSED_VARIABLE = YES;
				IPHONEOS_DEPLOYMENT_TARGET = 10.3;
				MTL_ENABLE_DEBUG_INFO = NO;
				SDKROOT = iphoneos;
				VALIDATE_PRODUCT = YES;
			};
			name = Release;
		};
		5761C5FB1EFA0D2400E7C142 /* Debug */ = {
			isa = XCBuildConfiguration;
			baseConfigurationReference = B977CB342A37281A00BB2A5B /* Pods-BuDeJie.debug.xcconfig */;
			buildSettings = {
				ASSETCATALOG_COMPILER_APPICON_NAME = AppIcon;
				ASSETCATALOG_COMPILER_LAUNCHIMAGE_NAME = BrandAsset;
				GCC_PRECOMPILE_PREFIX_HEADER = YES;
				GCC_PREFIX_HEADER = "${SRCROOT}/BuDeJie/Resources/PrefixHeader.pch";
				INFOPLIST_FILE = BuDeJie/Info.plist;
				LD_RUNPATH_SEARCH_PATHS = "$(inherited) @executable_path/Frameworks";
				PRODUCT_BUNDLE_IDENTIFIER = com.xby.BuDeJie;
				PRODUCT_NAME = "$(TARGET_NAME)";
			};
			name = Debug;
		};
		5761C5FC1EFA0D2400E7C142 /* Release */ = {
			isa = XCBuildConfiguration;
			baseConfigurationReference = A75F58776B9C798BBC74F584 /* Pods-BuDeJie.release.xcconfig */;
			buildSettings = {
				ASSETCATALOG_COMPILER_APPICON_NAME = AppIcon;
				ASSETCATALOG_COMPILER_LAUNCHIMAGE_NAME = BrandAsset;
				GCC_PRECOMPILE_PREFIX_HEADER = YES;
				GCC_PREFIX_HEADER = "${SRCROOT}/BuDeJie/Resources/PrefixHeader.pch";
				INFOPLIST_FILE = BuDeJie/Info.plist;
				LD_RUNPATH_SEARCH_PATHS = "$(inherited) @executable_path/Frameworks";
				PRODUCT_BUNDLE_IDENTIFIER = com.xby.BuDeJie;
				PRODUCT_NAME = "$(TARGET_NAME)";
			};
			name = Release;
		};
		5761C5FE1EFA0D2400E7C142 /* Debug */ = {
			isa = XCBuildConfiguration;
			buildSettings = {
				BUNDLE_LOADER = "$(TEST_HOST)";
				INFOPLIST_FILE = BuDeJieTests/Info.plist;
				LD_RUNPATH_SEARCH_PATHS = "$(inherited) @executable_path/Frameworks @loader_path/Frameworks";
				PRODUCT_BUNDLE_IDENTIFIER = com.xby.BuDeJieTests;
				PRODUCT_NAME = "$(TARGET_NAME)";
				TEST_HOST = "$(BUILT_PRODUCTS_DIR)/BuDeJie.app/BuDeJie";
			};
			name = Debug;
		};
		5761C5FF1EFA0D2400E7C142 /* Release */ = {
			isa = XCBuildConfiguration;
			buildSettings = {
				BUNDLE_LOADER = "$(TEST_HOST)";
				INFOPLIST_FILE = BuDeJieTests/Info.plist;
				LD_RUNPATH_SEARCH_PATHS = "$(inherited) @executable_path/Frameworks @loader_path/Frameworks";
				PRODUCT_BUNDLE_IDENTIFIER = com.xby.BuDeJieTests;
				PRODUCT_NAME = "$(TARGET_NAME)";
				TEST_HOST = "$(BUILT_PRODUCTS_DIR)/BuDeJie.app/BuDeJie";
			};
			name = Release;
		};
		5761C6011EFA0D2400E7C142 /* Debug */ = {
			isa = XCBuildConfiguration;
			buildSettings = {
				INFOPLIST_FILE = BuDeJieUITests/Info.plist;
				LD_RUNPATH_SEARCH_PATHS = "$(inherited) @executable_path/Frameworks @loader_path/Frameworks";
				PRODUCT_BUNDLE_IDENTIFIER = com.xby.BuDeJieUITests;
				PRODUCT_NAME = "$(TARGET_NAME)";
				TEST_TARGET_NAME = BuDeJie;
			};
			name = Debug;
		};
		5761C6021EFA0D2400E7C142 /* Release */ = {
			isa = XCBuildConfiguration;
			buildSettings = {
				INFOPLIST_FILE = BuDeJieUITests/Info.plist;
				LD_RUNPATH_SEARCH_PATHS = "$(inherited) @executable_path/Frameworks @loader_path/Frameworks";
				PRODUCT_BUNDLE_IDENTIFIER = com.xby.BuDeJieUITests;
				PRODUCT_NAME = "$(TARGET_NAME)";
				TEST_TARGET_NAME = BuDeJie;
			};
			name = Release;
		};
/* End XCBuildConfiguration section */

/* Begin XCConfigurationList section */
		5761C5C81EFA0D2400E7C142 /* Build configuration list for PBXProject "BuDeJie" */ = {
			isa = XCConfigurationList;
			buildConfigurations = (
				5761C5F81EFA0D2400E7C142 /* Debug */,
				5761C5F91EFA0D2400E7C142 /* Release */,
			);
			defaultConfigurationIsVisible = 0;
			defaultConfigurationName = Release;
		};
		5761C5FA1EFA0D2400E7C142 /* Build configuration list for PBXNativeTarget "BuDeJie" */ = {
			isa = XCConfigurationList;
			buildConfigurations = (
				5761C5FB1EFA0D2400E7C142 /* Debug */,
				5761C5FC1EFA0D2400E7C142 /* Release */,
			);
			defaultConfigurationIsVisible = 0;
			defaultConfigurationName = Release;
		};
		5761C5FD1EFA0D2400E7C142 /* Build configuration list for PBXNativeTarget "BuDeJieTests" */ = {
			isa = XCConfigurationList;
			buildConfigurations = (
				5761C5FE1EFA0D2400E7C142 /* Debug */,
				5761C5FF1EFA0D2400E7C142 /* Release */,
			);
			defaultConfigurationIsVisible = 0;
			defaultConfigurationName = Release;
		};
		5761C6001EFA0D2400E7C142 /* Build configuration list for PBXNativeTarget "BuDeJieUITests" */ = {
			isa = XCConfigurationList;
			buildConfigurations = (
				5761C6011EFA0D2400E7C142 /* Debug */,
				5761C6021EFA0D2400E7C142 /* Release */,
			);
			defaultConfigurationIsVisible = 0;
			defaultConfigurationName = Release;
		};
/* End XCConfigurationList section */
	};
	rootObject = 5761C5C51EFA0D2400E7C142 /* Project object */;
}
